// !$*UTF8*$!
{
	archiveVersion = 1;
	classes = {
	};
	objectVersion = 46;
	objects = {

/* Begin PBXBuildFile section */
		C5102A6D1BB24C350034D291 /* juli@2x.png in Resources */ = {isa = PBXBuildFile; fileRef = C5102A641BB24C350034D291 /* juli@2x.png */; };
		C5102A6E1BB24C350034D291 /* juxie@2x.png in Resources */ = {isa = PBXBuildFile; fileRef = C5102A651BB24C350034D291 /* juxie@2x.png */; };
		C5102A6F1BB24C350034D291 /* nav_top_search@2x.png in Resources */ = {isa = PBXBuildFile; fileRef = C5102A671BB24C350034D291 /* nav_top_search@2x.png */; };
		C5102A701BB24C350034D291 /* boy@2x.png in Resources */ = {isa = PBXBuildFile; fileRef = C5102A691BB24C350034D291 /* boy@2x.png */; };
		C5102A711BB24C350034D291 /* girl@2x.png in Resources */ = {isa = PBXBuildFile; fileRef = C5102A6A1BB24C350034D291 /* girl@2x.png */; };
		C5102A731BB24C720034D291 /* userImage@2x.png in Resources */ = {isa = PBXBuildFile; fileRef = C5102A721BB24C720034D291 /* userImage@2x.png */; };
		C51993AD1BB2AC92004EACC9 /* ActivityListTableViewCell.m in Sources */ = {isa = PBXBuildFile; fileRef = C51993AB1BB2AC92004EACC9 /* ActivityListTableViewCell.m */; };
		C51993AE1BB2AC92004EACC9 /* ActivityListTableViewCell.xib in Resources */ = {isa = PBXBuildFile; fileRef = C51993AC1BB2AC92004EACC9 /* ActivityListTableViewCell.xib */; };
		C51993B31BB2B7C5004EACC9 /* ActivityModel.m in Sources */ = {isa = PBXBuildFile; fileRef = C51993B21BB2B7C5004EACC9 /* ActivityModel.m */; };
		C51993B71BB2BF19004EACC9 /* ActivityPhotosModel.m in Sources */ = {isa = PBXBuildFile; fileRef = C51993B61BB2BF19004EACC9 /* ActivityPhotosModel.m */; };
		C51993BC1BB2C418004EACC9 /* shaixuan_act@2x.png in Resources */ = {isa = PBXBuildFile; fileRef = C51993BA1BB2C418004EACC9 /* shaixuan_act@2x.png */; };
		C51993BD1BB2C418004EACC9 /* shaixuan@2x.png in Resources */ = {isa = PBXBuildFile; fileRef = C51993BB1BB2C418004EACC9 /* shaixuan@2x.png */; };
		C51993C41BB2C436004EACC9 /* collect_red@2x.png in Resources */ = {isa = PBXBuildFile; fileRef = C51993BE1BB2C436004EACC9 /* collect_red@2x.png */; };
		C51993C51BB2C436004EACC9 /* collecteAct@2x.png in Resources */ = {isa = PBXBuildFile; fileRef = C51993BF1BB2C436004EACC9 /* collecteAct@2x.png */; };
		C51993C61BB2C436004EACC9 /* isFree@2x.png in Resources */ = {isa = PBXBuildFile; fileRef = C51993C01BB2C436004EACC9 /* isFree@2x.png */; };
		C51993C71BB2C436004EACC9 /* jionAct@2x.png in Resources */ = {isa = PBXBuildFile; fileRef = C51993C11BB2C436004EACC9 /* jionAct@2x.png */; };
		C51993C81BB2C436004EACC9 /* share@2x.png in Resources */ = {isa = PBXBuildFile; fileRef = C51993C21BB2C436004EACC9 /* share@2x.png */; };
		C51993C91BB2C436004EACC9 /* shareAct@2x.png in Resources */ = {isa = PBXBuildFile; fileRef = C51993C31BB2C436004EACC9 /* shareAct@2x.png */; };
		C56F5B831BB0F20A003D378C /* AFHTTPRequestOperation.m in Sources */ = {isa = PBXBuildFile; fileRef = C56F5B401BB0F20A003D378C /* AFHTTPRequestOperation.m */; };
		C56F5B841BB0F20A003D378C /* AFHTTPRequestOperationManager.m in Sources */ = {isa = PBXBuildFile; fileRef = C56F5B421BB0F20A003D378C /* AFHTTPRequestOperationManager.m */; };
		C56F5B851BB0F20A003D378C /* AFHTTPSessionManager.m in Sources */ = {isa = PBXBuildFile; fileRef = C56F5B441BB0F20A003D378C /* AFHTTPSessionManager.m */; };
		C56F5B861BB0F20A003D378C /* AFNetworkReachabilityManager.m in Sources */ = {isa = PBXBuildFile; fileRef = C56F5B471BB0F20A003D378C /* AFNetworkReachabilityManager.m */; };
		C56F5B871BB0F20A003D378C /* AFSecurityPolicy.m in Sources */ = {isa = PBXBuildFile; fileRef = C56F5B491BB0F20A003D378C /* AFSecurityPolicy.m */; };
		C56F5B881BB0F20A003D378C /* AFURLConnectionOperation.m in Sources */ = {isa = PBXBuildFile; fileRef = C56F5B4B1BB0F20A003D378C /* AFURLConnectionOperation.m */; };
		C56F5B891BB0F20A003D378C /* AFURLRequestSerialization.m in Sources */ = {isa = PBXBuildFile; fileRef = C56F5B4D1BB0F20A003D378C /* AFURLRequestSerialization.m */; };
		C56F5B8A1BB0F20A003D378C /* AFURLResponseSerialization.m in Sources */ = {isa = PBXBuildFile; fileRef = C56F5B4F1BB0F20A003D378C /* AFURLResponseSerialization.m */; };
		C56F5B8B1BB0F20A003D378C /* AFURLSessionManager.m in Sources */ = {isa = PBXBuildFile; fileRef = C56F5B511BB0F20A003D378C /* AFURLSessionManager.m */; };
		C56F5B8C1BB0F20A003D378C /* LICENSE in Resources */ = {isa = PBXBuildFile; fileRef = C56F5B521BB0F20A003D378C /* LICENSE */; };
		C56F5B8D1BB0F20A003D378C /* AFNetworkActivityIndicatorManager.m in Sources */ = {isa = PBXBuildFile; fileRef = C56F5B551BB0F20A003D378C /* AFNetworkActivityIndicatorManager.m */; };
		C56F5B8E1BB0F20A003D378C /* UIActivityIndicatorView+AFNetworking.m in Sources */ = {isa = PBXBuildFile; fileRef = C56F5B571BB0F20A003D378C /* UIActivityIndicatorView+AFNetworking.m */; };
		C56F5B8F1BB0F20A003D378C /* UIAlertView+AFNetworking.m in Sources */ = {isa = PBXBuildFile; fileRef = C56F5B591BB0F20A003D378C /* UIAlertView+AFNetworking.m */; };
		C56F5B901BB0F20A003D378C /* UIButton+AFNetworking.m in Sources */ = {isa = PBXBuildFile; fileRef = C56F5B5B1BB0F20A003D378C /* UIButton+AFNetworking.m */; };
		C56F5B911BB0F20A003D378C /* UIImageView+AFNetworking.m in Sources */ = {isa = PBXBuildFile; fileRef = C56F5B5D1BB0F20A003D378C /* UIImageView+AFNetworking.m */; };
		C56F5B921BB0F20A003D378C /* UIProgressView+AFNetworking.m in Sources */ = {isa = PBXBuildFile; fileRef = C56F5B601BB0F20A003D378C /* UIProgressView+AFNetworking.m */; };
		C56F5B931BB0F20A003D378C /* UIRefreshControl+AFNetworking.m in Sources */ = {isa = PBXBuildFile; fileRef = C56F5B621BB0F20A003D378C /* UIRefreshControl+AFNetworking.m */; };
		C56F5B941BB0F20A003D378C /* UIWebView+AFNetworking.m in Sources */ = {isa = PBXBuildFile; fileRef = C56F5B641BB0F20A003D378C /* UIWebView+AFNetworking.m */; };
		C56F5B951BB0F20A003D378C /* NSData+ImageContentType.m in Sources */ = {isa = PBXBuildFile; fileRef = C56F5B671BB0F20A003D378C /* NSData+ImageContentType.m */; };
		C56F5B961BB0F20A003D378C /* SDImageCache.m in Sources */ = {isa = PBXBuildFile; fileRef = C56F5B691BB0F20A003D378C /* SDImageCache.m */; };
		C56F5B971BB0F20A003D378C /* SDWebImageCompat.m in Sources */ = {isa = PBXBuildFile; fileRef = C56F5B6B1BB0F20A003D378C /* SDWebImageCompat.m */; };
		C56F5B981BB0F20A003D378C /* SDWebImageDecoder.m in Sources */ = {isa = PBXBuildFile; fileRef = C56F5B6D1BB0F20A003D378C /* SDWebImageDecoder.m */; };
		C56F5B991BB0F20A003D378C /* SDWebImageDownloader.m in Sources */ = {isa = PBXBuildFile; fileRef = C56F5B6F1BB0F20A003D378C /* SDWebImageDownloader.m */; };
		C56F5B9A1BB0F20A003D378C /* SDWebImageDownloaderOperation.m in Sources */ = {isa = PBXBuildFile; fileRef = C56F5B711BB0F20A003D378C /* SDWebImageDownloaderOperation.m */; };
		C56F5B9B1BB0F20A003D378C /* SDWebImageManager.m in Sources */ = {isa = PBXBuildFile; fileRef = C56F5B731BB0F20A003D378C /* SDWebImageManager.m */; };
		C56F5B9C1BB0F20A003D378C /* SDWebImagePrefetcher.m in Sources */ = {isa = PBXBuildFile; fileRef = C56F5B761BB0F20A003D378C /* SDWebImagePrefetcher.m */; };
		C56F5B9D1BB0F20A003D378C /* UIButton+WebCache.m in Sources */ = {isa = PBXBuildFile; fileRef = C56F5B781BB0F20A003D378C /* UIButton+WebCache.m */; };
		C56F5B9E1BB0F20A003D378C /* UIImage+GIF.m in Sources */ = {isa = PBXBuildFile; fileRef = C56F5B7A1BB0F20A003D378C /* UIImage+GIF.m */; };
		C56F5B9F1BB0F20A003D378C /* UIImage+MultiFormat.m in Sources */ = {isa = PBXBuildFile; fileRef = C56F5B7C1BB0F20A003D378C /* UIImage+MultiFormat.m */; };
		C56F5BA01BB0F20A003D378C /* UIImageView+HighlightedWebCache.m in Sources */ = {isa = PBXBuildFile; fileRef = C56F5B7E1BB0F20A003D378C /* UIImageView+HighlightedWebCache.m */; };
		C56F5BA11BB0F20A003D378C /* UIImageView+WebCache.m in Sources */ = {isa = PBXBuildFile; fileRef = C56F5B801BB0F20A003D378C /* UIImageView+WebCache.m */; };
		C56F5BA21BB0F20A003D378C /* UIView+WebCacheOperation.m in Sources */ = {isa = PBXBuildFile; fileRef = C56F5B821BB0F20A003D378C /* UIView+WebCacheOperation.m */; };
		C56F5BAB1BB0F336003D378C /* BaseModel.m in Sources */ = {isa = PBXBuildFile; fileRef = C56F5BAA1BB0F336003D378C /* BaseModel.m */; };
		C56F5BAE1BB0F389003D378C /* UserModel.m in Sources */ = {isa = PBXBuildFile; fileRef = C56F5BAD1BB0F389003D378C /* UserModel.m */; };
		C56F5BB21BB0F4BB003D378C /* HobbyListModel.m in Sources */ = {isa = PBXBuildFile; fileRef = C56F5BB11BB0F4BB003D378C /* HobbyListModel.m */; };
		C56F5BB81BB0F634003D378C /* UserListTableViewCell.m in Sources */ = {isa = PBXBuildFile; fileRef = C56F5BB61BB0F634003D378C /* UserListTableViewCell.m */; };
		C56F5BB91BB0F634003D378C /* UserListTableViewCell.xib in Resources */ = {isa = PBXBuildFile; fileRef = C56F5BB71BB0F634003D378C /* UserListTableViewCell.xib */; };
		C56F5BDE1BB16F2B003D378C /* MMHud.m in Sources */ = {isa = PBXBuildFile; fileRef = C56F5BCA1BB16F2B003D378C /* MMHud.m */; };
		C56F5BDF1BB16F2B003D378C /* MMLinearProgressView.m in Sources */ = {isa = PBXBuildFile; fileRef = C56F5BCC1BB16F2B003D378C /* MMLinearProgressView.m */; };
		C56F5BE01BB16F2B003D378C /* MMProgressHUD+Animations.m in Sources */ = {isa = PBXBuildFile; fileRef = C56F5BCE1BB16F2B003D378C /* MMProgressHUD+Animations.m */; };
		C56F5BE11BB16F2B003D378C /* MMProgressHUD+Class.m in Sources */ = {isa = PBXBuildFile; fileRef = C56F5BCF1BB16F2B003D378C /* MMProgressHUD+Class.m */; };
		C56F5BE21BB16F2B003D378C /* MMProgressHUD.m in Sources */ = {isa = PBXBuildFile; fileRef = C56F5BD11BB16F2B003D378C /* MMProgressHUD.m */; };
		C56F5BE31BB16F2B003D378C /* MMProgressHUDOverlayView.m in Sources */ = {isa = PBXBuildFile; fileRef = C56F5BD41BB16F2B003D378C /* MMProgressHUDOverlayView.m */; };
		C56F5BE41BB16F2B003D378C /* MMProgressHUDViewController.m in Sources */ = {isa = PBXBuildFile; fileRef = C56F5BD61BB16F2B003D378C /* MMProgressHUDViewController.m */; };
		C56F5BE51BB16F2B003D378C /* MMProgressHUDWindow.m in Sources */ = {isa = PBXBuildFile; fileRef = C56F5BD81BB16F2B003D378C /* MMProgressHUDWindow.m */; };
		C56F5BE61BB16F2B003D378C /* MMRadialProgressView.m in Sources */ = {isa = PBXBuildFile; fileRef = C56F5BDB1BB16F2B003D378C /* MMRadialProgressView.m */; };
		C56F5BE71BB16F2B003D378C /* MMVectorImage.m in Sources */ = {isa = PBXBuildFile; fileRef = C56F5BDD1BB16F2B003D378C /* MMVectorImage.m */; };
		C56F5C031BB16FEF003D378C /* JHRefreshAmazingAniView.m in Sources */ = {isa = PBXBuildFile; fileRef = C56F5BEC1BB16FEE003D378C /* JHRefreshAmazingAniView.m */; };
		C56F5C041BB16FEF003D378C /* JHRefreshAniBaseView.m in Sources */ = {isa = PBXBuildFile; fileRef = C56F5BEE1BB16FEE003D378C /* JHRefreshAniBaseView.m */; };
		C56F5C051BB16FEF003D378C /* JHRefreshCommonAniView.m in Sources */ = {isa = PBXBuildFile; fileRef = C56F5BF01BB16FEE003D378C /* JHRefreshCommonAniView.m */; };
		C56F5C061BB16FEF003D378C /* JHRefresh.bundle in Resources */ = {isa = PBXBuildFile; fileRef = C56F5BF11BB16FEE003D378C /* JHRefresh.bundle */; };
		C56F5C071BB16FEF003D378C /* JHRefreshBaseView.m in Sources */ = {isa = PBXBuildFile; fileRef = C56F5BF41BB16FEF003D378C /* JHRefreshBaseView.m */; };
		C56F5C081BB16FEF003D378C /* JHRefreshConfig.m in Sources */ = {isa = PBXBuildFile; fileRef = C56F5BF61BB16FEF003D378C /* JHRefreshConfig.m */; };
		C56F5C091BB16FEF003D378C /* JHRefreshFooterView.m in Sources */ = {isa = PBXBuildFile; fileRef = C56F5BF81BB16FEF003D378C /* JHRefreshFooterView.m */; };
		C56F5C0A1BB16FEF003D378C /* JHRefreshHeaderView.m in Sources */ = {isa = PBXBuildFile; fileRef = C56F5BFA1BB16FEF003D378C /* JHRefreshHeaderView.m */; };
		C56F5C0B1BB16FEF003D378C /* UIScrollView+JHExtension.m in Sources */ = {isa = PBXBuildFile; fileRef = C56F5BFE1BB16FEF003D378C /* UIScrollView+JHExtension.m */; };
		C56F5C0C1BB16FEF003D378C /* UIScrollView+JHRefresh.m in Sources */ = {isa = PBXBuildFile; fileRef = C56F5C001BB16FEF003D378C /* UIScrollView+JHRefresh.m */; };
		C56F5C0D1BB16FEF003D378C /* UIView+JHExtension.m in Sources */ = {isa = PBXBuildFile; fileRef = C56F5C021BB16FEF003D378C /* UIView+JHExtension.m */; };
		C5971FA31BABF7EC00707F54 /* main.m in Sources */ = {isa = PBXBuildFile; fileRef = C5971FA21BABF7EC00707F54 /* main.m */; };
		C5971FA61BABF7EC00707F54 /* AppDelegate.m in Sources */ = {isa = PBXBuildFile; fileRef = C5971FA51BABF7EC00707F54 /* AppDelegate.m */; };
		C5971FA81BABF7EC00707F54 /* Images.xcassets in Resources */ = {isa = PBXBuildFile; fileRef = C5971FA71BABF7EC00707F54 /* Images.xcassets */; };
		C5971FAB1BABF7EC00707F54 /* LaunchScreen.xib in Resources */ = {isa = PBXBuildFile; fileRef = C5971FA91BABF7EC00707F54 /* LaunchScreen.xib */; };
		C5971FB71BABF7EC00707F54 /* PartyTests.m in Sources */ = {isa = PBXBuildFile; fileRef = C5971FB61BABF7EC00707F54 /* PartyTests.m */; };
		C5971FCE1BABFAB800707F54 /* MyControl.m in Sources */ = {isa = PBXBuildFile; fileRef = C5971FCC1BABFAB800707F54 /* MyControl.m */; settings = {COMPILER_FLAGS = "-fno-objc-arc"; }; };
		C5971FD71BABFF7A00707F54 /* BaseViewController.m in Sources */ = {isa = PBXBuildFile; fileRef = C5971FD61BABFF7A00707F54 /* BaseViewController.m */; };
		C5971FE11BAC0B6800707F54 /* GZLHelper.m in Sources */ = {isa = PBXBuildFile; fileRef = C5971FE01BAC0B6800707F54 /* GZLHelper.m */; };
		C5971FE51BAC0BB400707F54 /* NSString+Hashing.m in Sources */ = {isa = PBXBuildFile; fileRef = C5971FE41BAC0BB400707F54 /* NSString+Hashing.m */; };
		C5971FED1BAC2A3900707F54 /* PartyTabBarViewController.m in Sources */ = {isa = PBXBuildFile; fileRef = C5971FEC1BAC2A3900707F54 /* PartyTabBarViewController.m */; };
		C5971FF01BAC2AE900707F54 /* NearbyViewController.m in Sources */ = {isa = PBXBuildFile; fileRef = C5971FEF1BAC2AE900707F54 /* NearbyViewController.m */; };
		C5971FF31BAC2B1800707F54 /* ActivityViewController.m in Sources */ = {isa = PBXBuildFile; fileRef = C5971FF21BAC2B1800707F54 /* ActivityViewController.m */; };
		C5971FF61BAC2B7300707F54 /* LaunchActivityViewController.m in Sources */ = {isa = PBXBuildFile; fileRef = C5971FF51BAC2B7300707F54 /* LaunchActivityViewController.m */; };
		C5971FF91BAC2BA700707F54 /* MessageViewController.m in Sources */ = {isa = PBXBuildFile; fileRef = C5971FF81BAC2BA700707F54 /* MessageViewController.m */; };
		C5971FFC1BAC2BE800707F54 /* MineViewController.m in Sources */ = {isa = PBXBuildFile; fileRef = C5971FFB1BAC2BE800707F54 /* MineViewController.m */; };
		C5C4B5F51BAE554100167137 /* TabBar1@2x.png in Resources */ = {isa = PBXBuildFile; fileRef = C5C4B5ED1BAE554100167137 /* TabBar1@2x.png */; };
		C5C4B5F61BAE554100167137 /* TabBar1Sel@2x.png in Resources */ = {isa = PBXBuildFile; fileRef = C5C4B5EE1BAE554100167137 /* TabBar1Sel@2x.png */; };
		C5C4B5F71BAE554100167137 /* TabBar2@2x.png in Resources */ = {isa = PBXBuildFile; fileRef = C5C4B5EF1BAE554100167137 /* TabBar2@2x.png */; };
		C5C4B5F81BAE554100167137 /* TabBar2Sel@2x.png in Resources */ = {isa = PBXBuildFile; fileRef = C5C4B5F01BAE554100167137 /* TabBar2Sel@2x.png */; };
		C5C4B5F91BAE554100167137 /* TabBar4@2x.png in Resources */ = {isa = PBXBuildFile; fileRef = C5C4B5F11BAE554100167137 /* TabBar4@2x.png */; };
		C5C4B5FA1BAE554100167137 /* TabBar4Sel@2x.png in Resources */ = {isa = PBXBuildFile; fileRef = C5C4B5F21BAE554100167137 /* TabBar4Sel@2x.png */; };
		C5C4B5FB1BAE554100167137 /* TabBar5@2x.png in Resources */ = {isa = PBXBuildFile; fileRef = C5C4B5F31BAE554100167137 /* TabBar5@2x.png */; };
		C5C4B5FC1BAE554100167137 /* TabBar5Sel@2x.png in Resources */ = {isa = PBXBuildFile; fileRef = C5C4B5F41BAE554100167137 /* TabBar5Sel@2x.png */; };
		C5F036AF1BAD2865008E8F11 /* GZLTabBarView.m in Sources */ = {isa = PBXBuildFile; fileRef = C5F036AE1BAD2865008E8F11 /* GZLTabBarView.m */; };
		C5F036B21BAD28B8008E8F11 /* GZLTabBarButton.m in Sources */ = {isa = PBXBuildFile; fileRef = C5F036B11BAD28B8008E8F11 /* GZLTabBarButton.m */; };
		C5F036B51BAD335F008E8F11 /* GZLTabBarViewController.m in Sources */ = {isa = PBXBuildFile; fileRef = C5F036B41BAD335F008E8F11 /* GZLTabBarViewController.m */; };
		C5F3D2451BAFAB70005DCD6C /* icon-topSel@2x.png in Resources */ = {isa = PBXBuildFile; fileRef = C5F3D2441BAFAB70005DCD6C /* icon-topSel@2x.png */; };
		C5F3D2F41BB00BE3005DCD6C /* MyTabBarViewController.m in Sources */ = {isa = PBXBuildFile; fileRef = C5F3D2F31BB00BE3005DCD6C /* MyTabBarViewController.m */; };
		C5F3D2F61BB02858005DCD6C /* icon-top@2x.png in Resources */ = {isa = PBXBuildFile; fileRef = C5F3D2F51BB02858005DCD6C /* icon-top@2x.png */; };
/* End PBXBuildFile section */

/* Begin PBXContainerItemProxy section */
		C5971FB11BABF7EC00707F54 /* PBXContainerItemProxy */ = {
			isa = PBXContainerItemProxy;
			containerPortal = C5971F951BABF7EC00707F54 /* Project object */;
			proxyType = 1;
			remoteGlobalIDString = C5971F9C1BABF7EC00707F54;
			remoteInfo = Party;
		};
/* End PBXContainerItemProxy section */

/* Begin PBXFileReference section */
		C5102A641BB24C350034D291 /* juli@2x.png */ = {isa = PBXFileReference; lastKnownFileType = image.png; path = "juli@2x.png"; sourceTree = "<group>"; };
		C5102A651BB24C350034D291 /* juxie@2x.png */ = {isa = PBXFileReference; lastKnownFileType = image.png; path = "juxie@2x.png"; sourceTree = "<group>"; };
		C5102A671BB24C350034D291 /* nav_top_search@2x.png */ = {isa = PBXFileReference; lastKnownFileType = image.png; path = "nav_top_search@2x.png"; sourceTree = "<group>"; };
		C5102A691BB24C350034D291 /* boy@2x.png */ = {isa = PBXFileReference; lastKnownFileType = image.png; path = "boy@2x.png"; sourceTree = "<group>"; };
		C5102A6A1BB24C350034D291 /* girl@2x.png */ = {isa = PBXFileReference; lastKnownFileType = image.png; path = "girl@2x.png"; sourceTree = "<group>"; };
		C5102A721BB24C720034D291 /* userImage@2x.png */ = {isa = PBXFileReference; lastKnownFileType = image.png; path = "userImage@2x.png"; sourceTree = "<group>"; };
		C51993AA1BB2AC92004EACC9 /* ActivityListTableViewCell.h */ = {isa = PBXFileReference; fileEncoding = 4; lastKnownFileType = sourcecode.c.h; path = ActivityListTableViewCell.h; sourceTree = "<group>"; };
		C51993AB1BB2AC92004EACC9 /* ActivityListTableViewCell.m */ = {isa = PBXFileReference; fileEncoding = 4; lastKnownFileType = sourcecode.c.objc; path = ActivityListTableViewCell.m; sourceTree = "<group>"; };
		C51993AC1BB2AC92004EACC9 /* ActivityListTableViewCell.xib */ = {isa = PBXFileReference; fileEncoding = 4; lastKnownFileType = file.xib; path = ActivityListTableViewCell.xib; sourceTree = "<group>"; };
		C51993B11BB2B7C5004EACC9 /* ActivityModel.h */ = {isa = PBXFileReference; fileEncoding = 4; lastKnownFileType = sourcecode.c.h; path = ActivityModel.h; sourceTree = "<group>"; };
		C51993B21BB2B7C5004EACC9 /* ActivityModel.m */ = {isa = PBXFileReference; fileEncoding = 4; lastKnownFileType = sourcecode.c.objc; path = ActivityModel.m; sourceTree = "<group>"; };
		C51993B51BB2BF19004EACC9 /* ActivityPhotosModel.h */ = {isa = PBXFileReference; fileEncoding = 4; lastKnownFileType = sourcecode.c.h; path = ActivityPhotosModel.h; sourceTree = "<group>"; };
		C51993B61BB2BF19004EACC9 /* ActivityPhotosModel.m */ = {isa = PBXFileReference; fileEncoding = 4; lastKnownFileType = sourcecode.c.objc; path = ActivityPhotosModel.m; sourceTree = "<group>"; };
		C51993BA1BB2C418004EACC9 /* shaixuan_act@2x.png */ = {isa = PBXFileReference; lastKnownFileType = image.png; path = "shaixuan_act@2x.png"; sourceTree = "<group>"; };
		C51993BB1BB2C418004EACC9 /* shaixuan@2x.png */ = {isa = PBXFileReference; lastKnownFileType = image.png; path = "shaixuan@2x.png"; sourceTree = "<group>"; };
		C51993BE1BB2C436004EACC9 /* collect_red@2x.png */ = {isa = PBXFileReference; lastKnownFileType = image.png; path = "collect_red@2x.png"; sourceTree = "<group>"; };
		C51993BF1BB2C436004EACC9 /* collecteAct@2x.png */ = {isa = PBXFileReference; lastKnownFileType = image.png; path = "collecteAct@2x.png"; sourceTree = "<group>"; };
		C51993C01BB2C436004EACC9 /* isFree@2x.png */ = {isa = PBXFileReference; lastKnownFileType = image.png; path = "isFree@2x.png"; sourceTree = "<group>"; };
		C51993C11BB2C436004EACC9 /* jionAct@2x.png */ = {isa = PBXFileReference; lastKnownFileType = image.png; path = "jionAct@2x.png"; sourceTree = "<group>"; };
		C51993C21BB2C436004EACC9 /* share@2x.png */ = {isa = PBXFileReference; lastKnownFileType = image.png; path = "share@2x.png"; sourceTree = "<group>"; };
		C51993C31BB2C436004EACC9 /* shareAct@2x.png */ = {isa = PBXFileReference; lastKnownFileType = image.png; path = "shareAct@2x.png"; sourceTree = "<group>"; };
		C56F5B3F1BB0F20A003D378C /* AFHTTPRequestOperation.h */ = {isa = PBXFileReference; fileEncoding = 4; lastKnownFileType = sourcecode.c.h; path = AFHTTPRequestOperation.h; sourceTree = "<group>"; };
		C56F5B401BB0F20A003D378C /* AFHTTPRequestOperation.m */ = {isa = PBXFileReference; fileEncoding = 4; lastKnownFileType = sourcecode.c.objc; path = AFHTTPRequestOperation.m; sourceTree = "<group>"; };
		C56F5B411BB0F20A003D378C /* AFHTTPRequestOperationManager.h */ = {isa = PBXFileReference; fileEncoding = 4; lastKnownFileType = sourcecode.c.h; path = AFHTTPRequestOperationManager.h; sourceTree = "<group>"; };
		C56F5B421BB0F20A003D378C /* AFHTTPRequestOperationManager.m */ = {isa = PBXFileReference; fileEncoding = 4; lastKnownFileType = sourcecode.c.objc; path = AFHTTPRequestOperationManager.m; sourceTree = "<group>"; };
		C56F5B431BB0F20A003D378C /* AFHTTPSessionManager.h */ = {isa = PBXFileReference; fileEncoding = 4; lastKnownFileType = sourcecode.c.h; path = AFHTTPSessionManager.h; sourceTree = "<group>"; };
		C56F5B441BB0F20A003D378C /* AFHTTPSessionManager.m */ = {isa = PBXFileReference; fileEncoding = 4; lastKnownFileType = sourcecode.c.objc; path = AFHTTPSessionManager.m; sourceTree = "<group>"; };
		C56F5B451BB0F20A003D378C /* AFNetworking.h */ = {isa = PBXFileReference; fileEncoding = 4; lastKnownFileType = sourcecode.c.h; path = AFNetworking.h; sourceTree = "<group>"; };
		C56F5B461BB0F20A003D378C /* AFNetworkReachabilityManager.h */ = {isa = PBXFileReference; fileEncoding = 4; lastKnownFileType = sourcecode.c.h; path = AFNetworkReachabilityManager.h; sourceTree = "<group>"; };
		C56F5B471BB0F20A003D378C /* AFNetworkReachabilityManager.m */ = {isa = PBXFileReference; fileEncoding = 4; lastKnownFileType = sourcecode.c.objc; path = AFNetworkReachabilityManager.m; sourceTree = "<group>"; };
		C56F5B481BB0F20A003D378C /* AFSecurityPolicy.h */ = {isa = PBXFileReference; fileEncoding = 4; lastKnownFileType = sourcecode.c.h; path = AFSecurityPolicy.h; sourceTree = "<group>"; };
		C56F5B491BB0F20A003D378C /* AFSecurityPolicy.m */ = {isa = PBXFileReference; fileEncoding = 4; lastKnownFileType = sourcecode.c.objc; path = AFSecurityPolicy.m; sourceTree = "<group>"; };
		C56F5B4A1BB0F20A003D378C /* AFURLConnectionOperation.h */ = {isa = PBXFileReference; fileEncoding = 4; lastKnownFileType = sourcecode.c.h; path = AFURLConnectionOperation.h; sourceTree = "<group>"; };
		C56F5B4B1BB0F20A003D378C /* AFURLConnectionOperation.m */ = {isa = PBXFileReference; fileEncoding = 4; lastKnownFileType = sourcecode.c.objc; path = AFURLConnectionOperation.m; sourceTree = "<group>"; };
		C56F5B4C1BB0F20A003D378C /* AFURLRequestSerialization.h */ = {isa = PBXFileReference; fileEncoding = 4; lastKnownFileType = sourcecode.c.h; path = AFURLRequestSerialization.h; sourceTree = "<group>"; };
		C56F5B4D1BB0F20A003D378C /* AFURLRequestSerialization.m */ = {isa = PBXFileReference; fileEncoding = 4; lastKnownFileType = sourcecode.c.objc; path = AFURLRequestSerialization.m; sourceTree = "<group>"; };
		C56F5B4E1BB0F20A003D378C /* AFURLResponseSerialization.h */ = {isa = PBXFileReference; fileEncoding = 4; lastKnownFileType = sourcecode.c.h; path = AFURLResponseSerialization.h; sourceTree = "<group>"; };
		C56F5B4F1BB0F20A003D378C /* AFURLResponseSerialization.m */ = {isa = PBXFileReference; fileEncoding = 4; lastKnownFileType = sourcecode.c.objc; path = AFURLResponseSerialization.m; sourceTree = "<group>"; };
		C56F5B501BB0F20A003D378C /* AFURLSessionManager.h */ = {isa = PBXFileReference; fileEncoding = 4; lastKnownFileType = sourcecode.c.h; path = AFURLSessionManager.h; sourceTree = "<group>"; };
		C56F5B511BB0F20A003D378C /* AFURLSessionManager.m */ = {isa = PBXFileReference; fileEncoding = 4; lastKnownFileType = sourcecode.c.objc; path = AFURLSessionManager.m; sourceTree = "<group>"; };
		C56F5B521BB0F20A003D378C /* LICENSE */ = {isa = PBXFileReference; fileEncoding = 4; lastKnownFileType = text; path = LICENSE; sourceTree = "<group>"; };
		C56F5B541BB0F20A003D378C /* AFNetworkActivityIndicatorManager.h */ = {isa = PBXFileReference; fileEncoding = 4; lastKnownFileType = sourcecode.c.h; path = AFNetworkActivityIndicatorManager.h; sourceTree = "<group>"; };
		C56F5B551BB0F20A003D378C /* AFNetworkActivityIndicatorManager.m */ = {isa = PBXFileReference; fileEncoding = 4; lastKnownFileType = sourcecode.c.objc; path = AFNetworkActivityIndicatorManager.m; sourceTree = "<group>"; };
		C56F5B561BB0F20A003D378C /* UIActivityIndicatorView+AFNetworking.h */ = {isa = PBXFileReference; fileEncoding = 4; lastKnownFileType = sourcecode.c.h; path = "UIActivityIndicatorView+AFNetworking.h"; sourceTree = "<group>"; };
		C56F5B571BB0F20A003D378C /* UIActivityIndicatorView+AFNetworking.m */ = {isa = PBXFileReference; fileEncoding = 4; lastKnownFileType = sourcecode.c.objc; path = "UIActivityIndicatorView+AFNetworking.m"; sourceTree = "<group>"; };
		C56F5B581BB0F20A003D378C /* UIAlertView+AFNetworking.h */ = {isa = PBXFileReference; fileEncoding = 4; lastKnownFileType = sourcecode.c.h; path = "UIAlertView+AFNetworking.h"; sourceTree = "<group>"; };
		C56F5B591BB0F20A003D378C /* UIAlertView+AFNetworking.m */ = {isa = PBXFileReference; fileEncoding = 4; lastKnownFileType = sourcecode.c.objc; path = "UIAlertView+AFNetworking.m"; sourceTree = "<group>"; };
		C56F5B5A1BB0F20A003D378C /* UIButton+AFNetworking.h */ = {isa = PBXFileReference; fileEncoding = 4; lastKnownFileType = sourcecode.c.h; path = "UIButton+AFNetworking.h"; sourceTree = "<group>"; };
		C56F5B5B1BB0F20A003D378C /* UIButton+AFNetworking.m */ = {isa = PBXFileReference; fileEncoding = 4; lastKnownFileType = sourcecode.c.objc; path = "UIButton+AFNetworking.m"; sourceTree = "<group>"; };
		C56F5B5C1BB0F20A003D378C /* UIImageView+AFNetworking.h */ = {isa = PBXFileReference; fileEncoding = 4; lastKnownFileType = sourcecode.c.h; path = "UIImageView+AFNetworking.h"; sourceTree = "<group>"; };
		C56F5B5D1BB0F20A003D378C /* UIImageView+AFNetworking.m */ = {isa = PBXFileReference; fileEncoding = 4; lastKnownFileType = sourcecode.c.objc; path = "UIImageView+AFNetworking.m"; sourceTree = "<group>"; };
		C56F5B5E1BB0F20A003D378C /* UIKit+AFNetworking.h */ = {isa = PBXFileReference; fileEncoding = 4; lastKnownFileType = sourcecode.c.h; path = "UIKit+AFNetworking.h"; sourceTree = "<group>"; };
		C56F5B5F1BB0F20A003D378C /* UIProgressView+AFNetworking.h */ = {isa = PBXFileReference; fileEncoding = 4; lastKnownFileType = sourcecode.c.h; path = "UIProgressView+AFNetworking.h"; sourceTree = "<group>"; };
		C56F5B601BB0F20A003D378C /* UIProgressView+AFNetworking.m */ = {isa = PBXFileReference; fileEncoding = 4; lastKnownFileType = sourcecode.c.objc; path = "UIProgressView+AFNetworking.m"; sourceTree = "<group>"; };
		C56F5B611BB0F20A003D378C /* UIRefreshControl+AFNetworking.h */ = {isa = PBXFileReference; fileEncoding = 4; lastKnownFileType = sourcecode.c.h; path = "UIRefreshControl+AFNetworking.h"; sourceTree = "<group>"; };
		C56F5B621BB0F20A003D378C /* UIRefreshControl+AFNetworking.m */ = {isa = PBXFileReference; fileEncoding = 4; lastKnownFileType = sourcecode.c.objc; path = "UIRefreshControl+AFNetworking.m"; sourceTree = "<group>"; };
		C56F5B631BB0F20A003D378C /* UIWebView+AFNetworking.h */ = {isa = PBXFileReference; fileEncoding = 4; lastKnownFileType = sourcecode.c.h; path = "UIWebView+AFNetworking.h"; sourceTree = "<group>"; };
		C56F5B641BB0F20A003D378C /* UIWebView+AFNetworking.m */ = {isa = PBXFileReference; fileEncoding = 4; lastKnownFileType = sourcecode.c.objc; path = "UIWebView+AFNetworking.m"; sourceTree = "<group>"; };
		C56F5B661BB0F20A003D378C /* NSData+ImageContentType.h */ = {isa = PBXFileReference; fileEncoding = 4; lastKnownFileType = sourcecode.c.h; path = "NSData+ImageContentType.h"; sourceTree = "<group>"; };
		C56F5B671BB0F20A003D378C /* NSData+ImageContentType.m */ = {isa = PBXFileReference; fileEncoding = 4; lastKnownFileType = sourcecode.c.objc; path = "NSData+ImageContentType.m"; sourceTree = "<group>"; };
		C56F5B681BB0F20A003D378C /* SDImageCache.h */ = {isa = PBXFileReference; fileEncoding = 4; lastKnownFileType = sourcecode.c.h; path = SDImageCache.h; sourceTree = "<group>"; };
		C56F5B691BB0F20A003D378C /* SDImageCache.m */ = {isa = PBXFileReference; fileEncoding = 4; lastKnownFileType = sourcecode.c.objc; path = SDImageCache.m; sourceTree = "<group>"; };
		C56F5B6A1BB0F20A003D378C /* SDWebImageCompat.h */ = {isa = PBXFileReference; fileEncoding = 4; lastKnownFileType = sourcecode.c.h; path = SDWebImageCompat.h; sourceTree = "<group>"; };
		C56F5B6B1BB0F20A003D378C /* SDWebImageCompat.m */ = {isa = PBXFileReference; fileEncoding = 4; lastKnownFileType = sourcecode.c.objc; path = SDWebImageCompat.m; sourceTree = "<group>"; };
		C56F5B6C1BB0F20A003D378C /* SDWebImageDecoder.h */ = {isa = PBXFileReference; fileEncoding = 4; lastKnownFileType = sourcecode.c.h; path = SDWebImageDecoder.h; sourceTree = "<group>"; };
		C56F5B6D1BB0F20A003D378C /* SDWebImageDecoder.m */ = {isa = PBXFileReference; fileEncoding = 4; lastKnownFileType = sourcecode.c.objc; path = SDWebImageDecoder.m; sourceTree = "<group>"; };
		C56F5B6E1BB0F20A003D378C /* SDWebImageDownloader.h */ = {isa = PBXFileReference; fileEncoding = 4; lastKnownFileType = sourcecode.c.h; path = SDWebImageDownloader.h; sourceTree = "<group>"; };
		C56F5B6F1BB0F20A003D378C /* SDWebImageDownloader.m */ = {isa = PBXFileReference; fileEncoding = 4; lastKnownFileType = sourcecode.c.objc; path = SDWebImageDownloader.m; sourceTree = "<group>"; };
		C56F5B701BB0F20A003D378C /* SDWebImageDownloaderOperation.h */ = {isa = PBXFileReference; fileEncoding = 4; lastKnownFileType = sourcecode.c.h; path = SDWebImageDownloaderOperation.h; sourceTree = "<group>"; };
		C56F5B711BB0F20A003D378C /* SDWebImageDownloaderOperation.m */ = {isa = PBXFileReference; fileEncoding = 4; lastKnownFileType = sourcecode.c.objc; path = SDWebImageDownloaderOperation.m; sourceTree = "<group>"; };
		C56F5B721BB0F20A003D378C /* SDWebImageManager.h */ = {isa = PBXFileReference; fileEncoding = 4; lastKnownFileType = sourcecode.c.h; path = SDWebImageManager.h; sourceTree = "<group>"; };
		C56F5B731BB0F20A003D378C /* SDWebImageManager.m */ = {isa = PBXFileReference; fileEncoding = 4; lastKnownFileType = sourcecode.c.objc; path = SDWebImageManager.m; sourceTree = "<group>"; };
		C56F5B741BB0F20A003D378C /* SDWebImageOperation.h */ = {isa = PBXFileReference; fileEncoding = 4; lastKnownFileType = sourcecode.c.h; path = SDWebImageOperation.h; sourceTree = "<group>"; };
		C56F5B751BB0F20A003D378C /* SDWebImagePrefetcher.h */ = {isa = PBXFileReference; fileEncoding = 4; lastKnownFileType = sourcecode.c.h; path = SDWebImagePrefetcher.h; sourceTree = "<group>"; };
		C56F5B761BB0F20A003D378C /* SDWebImagePrefetcher.m */ = {isa = PBXFileReference; fileEncoding = 4; lastKnownFileType = sourcecode.c.objc; path = SDWebImagePrefetcher.m; sourceTree = "<group>"; };
		C56F5B771BB0F20A003D378C /* UIButton+WebCache.h */ = {isa = PBXFileReference; fileEncoding = 4; lastKnownFileType = sourcecode.c.h; path = "UIButton+WebCache.h"; sourceTree = "<group>"; };
		C56F5B781BB0F20A003D378C /* UIButton+WebCache.m */ = {isa = PBXFileReference; fileEncoding = 4; lastKnownFileType = sourcecode.c.objc; path = "UIButton+WebCache.m"; sourceTree = "<group>"; };
		C56F5B791BB0F20A003D378C /* UIImage+GIF.h */ = {isa = PBXFileReference; fileEncoding = 4; lastKnownFileType = sourcecode.c.h; path = "UIImage+GIF.h"; sourceTree = "<group>"; };
		C56F5B7A1BB0F20A003D378C /* UIImage+GIF.m */ = {isa = PBXFileReference; fileEncoding = 4; lastKnownFileType = sourcecode.c.objc; path = "UIImage+GIF.m"; sourceTree = "<group>"; };
		C56F5B7B1BB0F20A003D378C /* UIImage+MultiFormat.h */ = {isa = PBXFileReference; fileEncoding = 4; lastKnownFileType = sourcecode.c.h; path = "UIImage+MultiFormat.h"; sourceTree = "<group>"; };
		C56F5B7C1BB0F20A003D378C /* UIImage+MultiFormat.m */ = {isa = PBXFileReference; fileEncoding = 4; lastKnownFileType = sourcecode.c.objc; path = "UIImage+MultiFormat.m"; sourceTree = "<group>"; };
		C56F5B7D1BB0F20A003D378C /* UIImageView+HighlightedWebCache.h */ = {isa = PBXFileReference; fileEncoding = 4; lastKnownFileType = sourcecode.c.h; path = "UIImageView+HighlightedWebCache.h"; sourceTree = "<group>"; };
		C56F5B7E1BB0F20A003D378C /* UIImageView+HighlightedWebCache.m */ = {isa = PBXFileReference; fileEncoding = 4; lastKnownFileType = sourcecode.c.objc; path = "UIImageView+HighlightedWebCache.m"; sourceTree = "<group>"; };
		C56F5B7F1BB0F20A003D378C /* UIImageView+WebCache.h */ = {isa = PBXFileReference; fileEncoding = 4; lastKnownFileType = sourcecode.c.h; path = "UIImageView+WebCache.h"; sourceTree = "<group>"; };
		C56F5B801BB0F20A003D378C /* UIImageView+WebCache.m */ = {isa = PBXFileReference; fileEncoding = 4; lastKnownFileType = sourcecode.c.objc; path = "UIImageView+WebCache.m"; sourceTree = "<group>"; };
		C56F5B811BB0F20A003D378C /* UIView+WebCacheOperation.h */ = {isa = PBXFileReference; fileEncoding = 4; lastKnownFileType = sourcecode.c.h; path = "UIView+WebCacheOperation.h"; sourceTree = "<group>"; };
		C56F5B821BB0F20A003D378C /* UIView+WebCacheOperation.m */ = {isa = PBXFileReference; fileEncoding = 4; lastKnownFileType = sourcecode.c.objc; path = "UIView+WebCacheOperation.m"; sourceTree = "<group>"; };
		C56F5BA91BB0F336003D378C /* BaseModel.h */ = {isa = PBXFileReference; fileEncoding = 4; lastKnownFileType = sourcecode.c.h; path = BaseModel.h; sourceTree = "<group>"; };
		C56F5BAA1BB0F336003D378C /* BaseModel.m */ = {isa = PBXFileReference; fileEncoding = 4; lastKnownFileType = sourcecode.c.objc; path = BaseModel.m; sourceTree = "<group>"; };
		C56F5BAC1BB0F389003D378C /* UserModel.h */ = {isa = PBXFileReference; fileEncoding = 4; lastKnownFileType = sourcecode.c.h; path = UserModel.h; sourceTree = "<group>"; };
		C56F5BAD1BB0F389003D378C /* UserModel.m */ = {isa = PBXFileReference; fileEncoding = 4; lastKnownFileType = sourcecode.c.objc; path = UserModel.m; sourceTree = "<group>"; };
		C56F5BB01BB0F4BB003D378C /* HobbyListModel.h */ = {isa = PBXFileReference; fileEncoding = 4; lastKnownFileType = sourcecode.c.h; path = HobbyListModel.h; sourceTree = "<group>"; };
		C56F5BB11BB0F4BB003D378C /* HobbyListModel.m */ = {isa = PBXFileReference; fileEncoding = 4; lastKnownFileType = sourcecode.c.objc; path = HobbyListModel.m; sourceTree = "<group>"; };
		C56F5BB51BB0F634003D378C /* UserListTableViewCell.h */ = {isa = PBXFileReference; fileEncoding = 4; lastKnownFileType = sourcecode.c.h; path = UserListTableViewCell.h; sourceTree = "<group>"; };
		C56F5BB61BB0F634003D378C /* UserListTableViewCell.m */ = {isa = PBXFileReference; fileEncoding = 4; lastKnownFileType = sourcecode.c.objc; path = UserListTableViewCell.m; sourceTree = "<group>"; };
		C56F5BB71BB0F634003D378C /* UserListTableViewCell.xib */ = {isa = PBXFileReference; fileEncoding = 4; lastKnownFileType = file.xib; path = UserListTableViewCell.xib; sourceTree = "<group>"; };
		C56F5BC91BB16F2B003D378C /* MMHud.h */ = {isa = PBXFileReference; fileEncoding = 4; lastKnownFileType = sourcecode.c.h; path = MMHud.h; sourceTree = "<group>"; };
		C56F5BCA1BB16F2B003D378C /* MMHud.m */ = {isa = PBXFileReference; fileEncoding = 4; lastKnownFileType = sourcecode.c.objc; path = MMHud.m; sourceTree = "<group>"; };
		C56F5BCB1BB16F2B003D378C /* MMLinearProgressView.h */ = {isa = PBXFileReference; fileEncoding = 4; lastKnownFileType = sourcecode.c.h; path = MMLinearProgressView.h; sourceTree = "<group>"; };
		C56F5BCC1BB16F2B003D378C /* MMLinearProgressView.m */ = {isa = PBXFileReference; fileEncoding = 4; lastKnownFileType = sourcecode.c.objc; path = MMLinearProgressView.m; sourceTree = "<group>"; };
		C56F5BCD1BB16F2B003D378C /* MMProgressHUD+Animations.h */ = {isa = PBXFileReference; fileEncoding = 4; lastKnownFileType = sourcecode.c.h; path = "MMProgressHUD+Animations.h"; sourceTree = "<group>"; };
		C56F5BCE1BB16F2B003D378C /* MMProgressHUD+Animations.m */ = {isa = PBXFileReference; fileEncoding = 4; lastKnownFileType = sourcecode.c.objc; path = "MMProgressHUD+Animations.m"; sourceTree = "<group>"; };
		C56F5BCF1BB16F2B003D378C /* MMProgressHUD+Class.m */ = {isa = PBXFileReference; fileEncoding = 4; lastKnownFileType = sourcecode.c.objc; path = "MMProgressHUD+Class.m"; sourceTree = "<group>"; };
		C56F5BD01BB16F2B003D378C /* MMProgressHUD.h */ = {isa = PBXFileReference; fileEncoding = 4; lastKnownFileType = sourcecode.c.h; path = MMProgressHUD.h; sourceTree = "<group>"; };
		C56F5BD11BB16F2B003D378C /* MMProgressHUD.m */ = {isa = PBXFileReference; fileEncoding = 4; lastKnownFileType = sourcecode.c.objc; path = MMProgressHUD.m; sourceTree = "<group>"; };
		C56F5BD21BB16F2B003D378C /* MMProgressHUDCommon.h */ = {isa = PBXFileReference; fileEncoding = 4; lastKnownFileType = sourcecode.c.h; path = MMProgressHUDCommon.h; sourceTree = "<group>"; };
		C56F5BD31BB16F2B003D378C /* MMProgressHUDOverlayView.h */ = {isa = PBXFileReference; fileEncoding = 4; lastKnownFileType = sourcecode.c.h; path = MMProgressHUDOverlayView.h; sourceTree = "<group>"; };
		C56F5BD41BB16F2B003D378C /* MMProgressHUDOverlayView.m */ = {isa = PBXFileReference; fileEncoding = 4; lastKnownFileType = sourcecode.c.objc; path = MMProgressHUDOverlayView.m; sourceTree = "<group>"; };
		C56F5BD51BB16F2B003D378C /* MMProgressHUDViewController.h */ = {isa = PBXFileReference; fileEncoding = 4; lastKnownFileType = sourcecode.c.h; path = MMProgressHUDViewController.h; sourceTree = "<group>"; };
		C56F5BD61BB16F2B003D378C /* MMProgressHUDViewController.m */ = {isa = PBXFileReference; fileEncoding = 4; lastKnownFileType = sourcecode.c.objc; path = MMProgressHUDViewController.m; sourceTree = "<group>"; };
		C56F5BD71BB16F2B003D378C /* MMProgressHUDWindow.h */ = {isa = PBXFileReference; fileEncoding = 4; lastKnownFileType = sourcecode.c.h; path = MMProgressHUDWindow.h; sourceTree = "<group>"; };
		C56F5BD81BB16F2B003D378C /* MMProgressHUDWindow.m */ = {isa = PBXFileReference; fileEncoding = 4; lastKnownFileType = sourcecode.c.objc; path = MMProgressHUDWindow.m; sourceTree = "<group>"; };
		C56F5BD91BB16F2B003D378C /* MMProgressView-Protocol.h */ = {isa = PBXFileReference; fileEncoding = 4; lastKnownFileType = sourcecode.c.h; path = "MMProgressView-Protocol.h"; sourceTree = "<group>"; };
		C56F5BDA1BB16F2B003D378C /* MMRadialProgressView.h */ = {isa = PBXFileReference; fileEncoding = 4; lastKnownFileType = sourcecode.c.h; path = MMRadialProgressView.h; sourceTree = "<group>"; };
		C56F5BDB1BB16F2B003D378C /* MMRadialProgressView.m */ = {isa = PBXFileReference; fileEncoding = 4; lastKnownFileType = sourcecode.c.objc; path = MMRadialProgressView.m; sourceTree = "<group>"; };
		C56F5BDC1BB16F2B003D378C /* MMVectorImage.h */ = {isa = PBXFileReference; fileEncoding = 4; lastKnownFileType = sourcecode.c.h; path = MMVectorImage.h; sourceTree = "<group>"; };
		C56F5BDD1BB16F2B003D378C /* MMVectorImage.m */ = {isa = PBXFileReference; fileEncoding = 4; lastKnownFileType = sourcecode.c.objc; path = MMVectorImage.m; sourceTree = "<group>"; };
		C56F5BEB1BB16FEE003D378C /* JHRefreshAmazingAniView.h */ = {isa = PBXFileReference; fileEncoding = 4; lastKnownFileType = sourcecode.c.h; path = JHRefreshAmazingAniView.h; sourceTree = "<group>"; };
		C56F5BEC1BB16FEE003D378C /* JHRefreshAmazingAniView.m */ = {isa = PBXFileReference; fileEncoding = 4; lastKnownFileType = sourcecode.c.objc; path = JHRefreshAmazingAniView.m; sourceTree = "<group>"; };
		C56F5BED1BB16FEE003D378C /* JHRefreshAniBaseView.h */ = {isa = PBXFileReference; fileEncoding = 4; lastKnownFileType = sourcecode.c.h; path = JHRefreshAniBaseView.h; sourceTree = "<group>"; };
		C56F5BEE1BB16FEE003D378C /* JHRefreshAniBaseView.m */ = {isa = PBXFileReference; fileEncoding = 4; lastKnownFileType = sourcecode.c.objc; path = JHRefreshAniBaseView.m; sourceTree = "<group>"; };
		C56F5BEF1BB16FEE003D378C /* JHRefreshCommonAniView.h */ = {isa = PBXFileReference; fileEncoding = 4; lastKnownFileType = sourcecode.c.h; path = JHRefreshCommonAniView.h; sourceTree = "<group>"; };
		C56F5BF01BB16FEE003D378C /* JHRefreshCommonAniView.m */ = {isa = PBXFileReference; fileEncoding = 4; lastKnownFileType = sourcecode.c.objc; path = JHRefreshCommonAniView.m; sourceTree = "<group>"; };
		C56F5BF11BB16FEE003D378C /* JHRefresh.bundle */ = {isa = PBXFileReference; lastKnownFileType = "wrapper.plug-in"; path = JHRefresh.bundle; sourceTree = "<group>"; };
		C56F5BF21BB16FEF003D378C /* JHRefresh.h */ = {isa = PBXFileReference; fileEncoding = 4; lastKnownFileType = sourcecode.c.h; path = JHRefresh.h; sourceTree = "<group>"; };
		C56F5BF31BB16FEF003D378C /* JHRefreshBaseView.h */ = {isa = PBXFileReference; fileEncoding = 4; lastKnownFileType = sourcecode.c.h; path = JHRefreshBaseView.h; sourceTree = "<group>"; };
		C56F5BF41BB16FEF003D378C /* JHRefreshBaseView.m */ = {isa = PBXFileReference; fileEncoding = 4; lastKnownFileType = sourcecode.c.objc; path = JHRefreshBaseView.m; sourceTree = "<group>"; };
		C56F5BF51BB16FEF003D378C /* JHRefreshConfig.h */ = {isa = PBXFileReference; fileEncoding = 4; lastKnownFileType = sourcecode.c.h; path = JHRefreshConfig.h; sourceTree = "<group>"; };
		C56F5BF61BB16FEF003D378C /* JHRefreshConfig.m */ = {isa = PBXFileReference; fileEncoding = 4; lastKnownFileType = sourcecode.c.objc; path = JHRefreshConfig.m; sourceTree = "<group>"; };
		C56F5BF71BB16FEF003D378C /* JHRefreshFooterView.h */ = {isa = PBXFileReference; fileEncoding = 4; lastKnownFileType = sourcecode.c.h; path = JHRefreshFooterView.h; sourceTree = "<group>"; };
		C56F5BF81BB16FEF003D378C /* JHRefreshFooterView.m */ = {isa = PBXFileReference; fileEncoding = 4; lastKnownFileType = sourcecode.c.objc; path = JHRefreshFooterView.m; sourceTree = "<group>"; };
		C56F5BF91BB16FEF003D378C /* JHRefreshHeaderView.h */ = {isa = PBXFileReference; fileEncoding = 4; lastKnownFileType = sourcecode.c.h; path = JHRefreshHeaderView.h; sourceTree = "<group>"; };
		C56F5BFA1BB16FEF003D378C /* JHRefreshHeaderView.m */ = {isa = PBXFileReference; fileEncoding = 4; lastKnownFileType = sourcecode.c.objc; path = JHRefreshHeaderView.m; sourceTree = "<group>"; };
		C56F5BFB1BB16FEF003D378C /* JHRefreshMacro.h */ = {isa = PBXFileReference; fileEncoding = 4; lastKnownFileType = sourcecode.c.h; path = JHRefreshMacro.h; sourceTree = "<group>"; };
		C56F5BFC1BB16FEF003D378C /* JHRefreshViewDelegate.h */ = {isa = PBXFileReference; fileEncoding = 4; lastKnownFileType = sourcecode.c.h; path = JHRefreshViewDelegate.h; sourceTree = "<group>"; };
		C56F5BFD1BB16FEF003D378C /* UIScrollView+JHExtension.h */ = {isa = PBXFileReference; fileEncoding = 4; lastKnownFileType = sourcecode.c.h; path = "UIScrollView+JHExtension.h"; sourceTree = "<group>"; };
		C56F5BFE1BB16FEF003D378C /* UIScrollView+JHExtension.m */ = {isa = PBXFileReference; fileEncoding = 4; lastKnownFileType = sourcecode.c.objc; path = "UIScrollView+JHExtension.m"; sourceTree = "<group>"; };
		C56F5BFF1BB16FEF003D378C /* UIScrollView+JHRefresh.h */ = {isa = PBXFileReference; fileEncoding = 4; lastKnownFileType = sourcecode.c.h; path = "UIScrollView+JHRefresh.h"; sourceTree = "<group>"; };
		C56F5C001BB16FEF003D378C /* UIScrollView+JHRefresh.m */ = {isa = PBXFileReference; fileEncoding = 4; lastKnownFileType = sourcecode.c.objc; path = "UIScrollView+JHRefresh.m"; sourceTree = "<group>"; };
		C56F5C011BB16FEF003D378C /* UIView+JHExtension.h */ = {isa = PBXFileReference; fileEncoding = 4; lastKnownFileType = sourcecode.c.h; path = "UIView+JHExtension.h"; sourceTree = "<group>"; };
		C56F5C021BB16FEF003D378C /* UIView+JHExtension.m */ = {isa = PBXFileReference; fileEncoding = 4; lastKnownFileType = sourcecode.c.objc; path = "UIView+JHExtension.m"; sourceTree = "<group>"; };
		C5971F9D1BABF7EC00707F54 /* Party.app */ = {isa = PBXFileReference; explicitFileType = wrapper.application; includeInIndex = 0; path = Party.app; sourceTree = BUILT_PRODUCTS_DIR; };
		C5971FA11BABF7EC00707F54 /* Info.plist */ = {isa = PBXFileReference; lastKnownFileType = text.plist.xml; path = Info.plist; sourceTree = "<group>"; };
		C5971FA21BABF7EC00707F54 /* main.m */ = {isa = PBXFileReference; lastKnownFileType = sourcecode.c.objc; path = main.m; sourceTree = "<group>"; };
		C5971FA41BABF7EC00707F54 /* AppDelegate.h */ = {isa = PBXFileReference; lastKnownFileType = sourcecode.c.h; path = AppDelegate.h; sourceTree = "<group>"; };
		C5971FA51BABF7EC00707F54 /* AppDelegate.m */ = {isa = PBXFileReference; lastKnownFileType = sourcecode.c.objc; path = AppDelegate.m; sourceTree = "<group>"; };
		C5971FA71BABF7EC00707F54 /* Images.xcassets */ = {isa = PBXFileReference; lastKnownFileType = folder.assetcatalog; path = Images.xcassets; sourceTree = "<group>"; };
		C5971FAA1BABF7EC00707F54 /* Base */ = {isa = PBXFileReference; lastKnownFileType = file.xib; name = Base; path = Base.lproj/LaunchScreen.xib; sourceTree = "<group>"; };
		C5971FB01BABF7EC00707F54 /* PartyTests.xctest */ = {isa = PBXFileReference; explicitFileType = wrapper.cfbundle; includeInIndex = 0; path = PartyTests.xctest; sourceTree = BUILT_PRODUCTS_DIR; };
		C5971FB51BABF7EC00707F54 /* Info.plist */ = {isa = PBXFileReference; lastKnownFileType = text.plist.xml; path = Info.plist; sourceTree = "<group>"; };
		C5971FB61BABF7EC00707F54 /* PartyTests.m */ = {isa = PBXFileReference; lastKnownFileType = sourcecode.c.objc; path = PartyTests.m; sourceTree = "<group>"; };
		C5971FCB1BABFAB800707F54 /* MyControl.h */ = {isa = PBXFileReference; fileEncoding = 4; lastKnownFileType = sourcecode.c.h; path = MyControl.h; sourceTree = "<group>"; };
		C5971FCC1BABFAB800707F54 /* MyControl.m */ = {isa = PBXFileReference; fileEncoding = 4; lastKnownFileType = sourcecode.c.objc; path = MyControl.m; sourceTree = "<group>"; };
		C5971FD51BABFF7A00707F54 /* BaseViewController.h */ = {isa = PBXFileReference; fileEncoding = 4; lastKnownFileType = sourcecode.c.h; path = BaseViewController.h; sourceTree = "<group>"; };
		C5971FD61BABFF7A00707F54 /* BaseViewController.m */ = {isa = PBXFileReference; fileEncoding = 4; lastKnownFileType = sourcecode.c.objc; path = BaseViewController.m; sourceTree = "<group>"; };
		C5971FD81BAC096500707F54 /* Party-Prefix.pch */ = {isa = PBXFileReference; lastKnownFileType = sourcecode.c.h; path = "Party-Prefix.pch"; sourceTree = "<group>"; };
		C5971FDF1BAC0B6800707F54 /* GZLHelper.h */ = {isa = PBXFileReference; fileEncoding = 4; lastKnownFileType = sourcecode.c.h; path = GZLHelper.h; sourceTree = "<group>"; };
		C5971FE01BAC0B6800707F54 /* GZLHelper.m */ = {isa = PBXFileReference; fileEncoding = 4; lastKnownFileType = sourcecode.c.objc; path = GZLHelper.m; sourceTree = "<group>"; };
		C5971FE31BAC0BB400707F54 /* NSString+Hashing.h */ = {isa = PBXFileReference; fileEncoding = 4; lastKnownFileType = sourcecode.c.h; path = "NSString+Hashing.h"; sourceTree = "<group>"; };
		C5971FE41BAC0BB400707F54 /* NSString+Hashing.m */ = {isa = PBXFileReference; fileEncoding = 4; lastKnownFileType = sourcecode.c.objc; path = "NSString+Hashing.m"; sourceTree = "<group>"; };
		C5971FE81BAC290400707F54 /* Define.h */ = {isa = PBXFileReference; lastKnownFileType = sourcecode.c.h; path = Define.h; sourceTree = "<group>"; };
		C5971FE91BAC293100707F54 /* NetInterface.h */ = {isa = PBXFileReference; lastKnownFileType = sourcecode.c.h; path = NetInterface.h; sourceTree = "<group>"; };
		C5971FEB1BAC2A3900707F54 /* PartyTabBarViewController.h */ = {isa = PBXFileReference; fileEncoding = 4; lastKnownFileType = sourcecode.c.h; path = PartyTabBarViewController.h; sourceTree = "<group>"; };
		C5971FEC1BAC2A3900707F54 /* PartyTabBarViewController.m */ = {isa = PBXFileReference; fileEncoding = 4; lastKnownFileType = sourcecode.c.objc; path = PartyTabBarViewController.m; sourceTree = "<group>"; };
		C5971FEE1BAC2AE900707F54 /* NearbyViewController.h */ = {isa = PBXFileReference; fileEncoding = 4; lastKnownFileType = sourcecode.c.h; path = NearbyViewController.h; sourceTree = "<group>"; };
		C5971FEF1BAC2AE900707F54 /* NearbyViewController.m */ = {isa = PBXFileReference; fileEncoding = 4; lastKnownFileType = sourcecode.c.objc; path = NearbyViewController.m; sourceTree = "<group>"; };
		C5971FF11BAC2B1800707F54 /* ActivityViewController.h */ = {isa = PBXFileReference; fileEncoding = 4; lastKnownFileType = sourcecode.c.h; path = ActivityViewController.h; sourceTree = "<group>"; };
		C5971FF21BAC2B1800707F54 /* ActivityViewController.m */ = {isa = PBXFileReference; fileEncoding = 4; lastKnownFileType = sourcecode.c.objc; path = ActivityViewController.m; sourceTree = "<group>"; };
		C5971FF41BAC2B7300707F54 /* LaunchActivityViewController.h */ = {isa = PBXFileReference; fileEncoding = 4; lastKnownFileType = sourcecode.c.h; path = LaunchActivityViewController.h; sourceTree = "<group>"; };
		C5971FF51BAC2B7300707F54 /* LaunchActivityViewController.m */ = {isa = PBXFileReference; fileEncoding = 4; lastKnownFileType = sourcecode.c.objc; path = LaunchActivityViewController.m; sourceTree = "<group>"; };
		C5971FF71BAC2BA700707F54 /* MessageViewController.h */ = {isa = PBXFileReference; fileEncoding = 4; lastKnownFileType = sourcecode.c.h; path = MessageViewController.h; sourceTree = "<group>"; };
		C5971FF81BAC2BA700707F54 /* MessageViewController.m */ = {isa = PBXFileReference; fileEncoding = 4; lastKnownFileType = sourcecode.c.objc; path = MessageViewController.m; sourceTree = "<group>"; };
		C5971FFA1BAC2BE800707F54 /* MineViewController.h */ = {isa = PBXFileReference; fileEncoding = 4; lastKnownFileType = sourcecode.c.h; path = MineViewController.h; sourceTree = "<group>"; };
		C5971FFB1BAC2BE800707F54 /* MineViewController.m */ = {isa = PBXFileReference; fileEncoding = 4; lastKnownFileType = sourcecode.c.objc; path = MineViewController.m; sourceTree = "<group>"; };
		C5C4B5ED1BAE554100167137 /* TabBar1@2x.png */ = {isa = PBXFileReference; lastKnownFileType = image.png; path = "TabBar1@2x.png"; sourceTree = "<group>"; };
		C5C4B5EE1BAE554100167137 /* TabBar1Sel@2x.png */ = {isa = PBXFileReference; lastKnownFileType = image.png; path = "TabBar1Sel@2x.png"; sourceTree = "<group>"; };
		C5C4B5EF1BAE554100167137 /* TabBar2@2x.png */ = {isa = PBXFileReference; lastKnownFileType = image.png; path = "TabBar2@2x.png"; sourceTree = "<group>"; };
		C5C4B5F01BAE554100167137 /* TabBar2Sel@2x.png */ = {isa = PBXFileReference; lastKnownFileType = image.png; path = "TabBar2Sel@2x.png"; sourceTree = "<group>"; };
		C5C4B5F11BAE554100167137 /* TabBar4@2x.png */ = {isa = PBXFileReference; lastKnownFileType = image.png; path = "TabBar4@2x.png"; sourceTree = "<group>"; };
		C5C4B5F21BAE554100167137 /* TabBar4Sel@2x.png */ = {isa = PBXFileReference; lastKnownFileType = image.png; path = "TabBar4Sel@2x.png"; sourceTree = "<group>"; };
		C5C4B5F31BAE554100167137 /* TabBar5@2x.png */ = {isa = PBXFileReference; lastKnownFileType = image.png; path = "TabBar5@2x.png"; sourceTree = "<group>"; };
		C5C4B5F41BAE554100167137 /* TabBar5Sel@2x.png */ = {isa = PBXFileReference; lastKnownFileType = image.png; path = "TabBar5Sel@2x.png"; sourceTree = "<group>"; };
		C5F036AD1BAD2865008E8F11 /* GZLTabBarView.h */ = {isa = PBXFileReference; fileEncoding = 4; lastKnownFileType = sourcecode.c.h; path = GZLTabBarView.h; sourceTree = "<group>"; };
		C5F036AE1BAD2865008E8F11 /* GZLTabBarView.m */ = {isa = PBXFileReference; fileEncoding = 4; lastKnownFileType = sourcecode.c.objc; path = GZLTabBarView.m; sourceTree = "<group>"; };
		C5F036B01BAD28B8008E8F11 /* GZLTabBarButton.h */ = {isa = PBXFileReference; fileEncoding = 4; lastKnownFileType = sourcecode.c.h; path = GZLTabBarButton.h; sourceTree = "<group>"; };
		C5F036B11BAD28B8008E8F11 /* GZLTabBarButton.m */ = {isa = PBXFileReference; fileEncoding = 4; lastKnownFileType = sourcecode.c.objc; path = GZLTabBarButton.m; sourceTree = "<group>"; };
		C5F036B31BAD335F008E8F11 /* GZLTabBarViewController.h */ = {isa = PBXFileReference; fileEncoding = 4; lastKnownFileType = sourcecode.c.h; path = GZLTabBarViewController.h; sourceTree = "<group>"; };
		C5F036B41BAD335F008E8F11 /* GZLTabBarViewController.m */ = {isa = PBXFileReference; fileEncoding = 4; lastKnownFileType = sourcecode.c.objc; path = GZLTabBarViewController.m; sourceTree = "<group>"; };
		C5F3D2441BAFAB70005DCD6C /* icon-topSel@2x.png */ = {isa = PBXFileReference; lastKnownFileType = image.png; path = "icon-topSel@2x.png"; sourceTree = "<group>"; };
		C5F3D2F21BB00BE3005DCD6C /* MyTabBarViewController.h */ = {isa = PBXFileReference; fileEncoding = 4; lastKnownFileType = sourcecode.c.h; path = MyTabBarViewController.h; sourceTree = "<group>"; };
		C5F3D2F31BB00BE3005DCD6C /* MyTabBarViewController.m */ = {isa = PBXFileReference; fileEncoding = 4; lastKnownFileType = sourcecode.c.objc; path = MyTabBarViewController.m; sourceTree = "<group>"; };
		C5F3D2F51BB02858005DCD6C /* icon-top@2x.png */ = {isa = PBXFileReference; lastKnownFileType = image.png; path = "icon-top@2x.png"; sourceTree = "<group>"; };
/* End PBXFileReference section */

/* Begin PBXFrameworksBuildPhase section */
		C5971F9A1BABF7EC00707F54 /* Frameworks */ = {
			isa = PBXFrameworksBuildPhase;
			buildActionMask = 2147483647;
			files = (
			);
			runOnlyForDeploymentPostprocessing = 0;
		};
		C5971FAD1BABF7EC00707F54 /* Frameworks */ = {
			isa = PBXFrameworksBuildPhase;
			buildActionMask = 2147483647;
			files = (
			);
			runOnlyForDeploymentPostprocessing = 0;
		};
/* End PBXFrameworksBuildPhase section */

/* Begin PBXGroup section */
		C5102A621BB24C350034D291 /* Nearby */ = {
			isa = PBXGroup;
			children = (
				C5102A631BB24C350034D291 /* labelImages */,
				C5102A661BB24C350034D291 /* NavImage */,
				C5102A681BB24C350034D291 /* sexImages */,
				C5102A6C1BB24C350034D291 /* userImages */,
			);
			path = Nearby;
			sourceTree = "<group>";
		};
		C5102A631BB24C350034D291 /* labelImages */ = {
			isa = PBXGroup;
			children = (
				C5102A641BB24C350034D291 /* juli@2x.png */,
				C5102A651BB24C350034D291 /* juxie@2x.png */,
			);
			path = labelImages;
			sourceTree = "<group>";
		};
		C5102A661BB24C350034D291 /* NavImage */ = {
			isa = PBXGroup;
			children = (
				C51993BA1BB2C418004EACC9 /* shaixuan_act@2x.png */,
				C51993BB1BB2C418004EACC9 /* shaixuan@2x.png */,
				C5102A671BB24C350034D291 /* nav_top_search@2x.png */,
			);
			path = NavImage;
			sourceTree = "<group>";
		};
		C5102A681BB24C350034D291 /* sexImages */ = {
			isa = PBXGroup;
			children = (
				C5102A691BB24C350034D291 /* boy@2x.png */,
				C5102A6A1BB24C350034D291 /* girl@2x.png */,
				C5102A6B1BB24C350034D291 /* userImages */,
			);
			path = sexImages;
			sourceTree = "<group>";
		};
		C5102A6B1BB24C350034D291 /* userImages */ = {
			isa = PBXGroup;
			children = (
			);
			path = userImages;
			sourceTree = "<group>";
		};
		C5102A6C1BB24C350034D291 /* userImages */ = {
			isa = PBXGroup;
			children = (
				C5102A721BB24C720034D291 /* userImage@2x.png */,
			);
			path = userImages;
			sourceTree = "<group>";
		};
		C51993A81BB2AA1D004EACC9 /* ActivityViews */ = {
			isa = PBXGroup;
			children = (
				C51993A91BB2AA1D004EACC9 /* ActivityListCell */,
			);
			path = ActivityViews;
			sourceTree = "<group>";
		};
		C51993A91BB2AA1D004EACC9 /* ActivityListCell */ = {
			isa = PBXGroup;
			children = (
				C51993AA1BB2AC92004EACC9 /* ActivityListTableViewCell.h */,
				C51993AB1BB2AC92004EACC9 /* ActivityListTableViewCell.m */,
				C51993AC1BB2AC92004EACC9 /* ActivityListTableViewCell.xib */,
			);
			path = ActivityListCell;
			sourceTree = "<group>";
		};
		C51993AF1BB2B7A1004EACC9 /* ActivityModels */ = {
			isa = PBXGroup;
			children = (
				C51993B41BB2BF00004EACC9 /* ActivityPhotosModel */,
				C51993B01BB2B7A1004EACC9 /* ActivityModel */,
			);
			path = ActivityModels;
			sourceTree = "<group>";
		};
		C51993B01BB2B7A1004EACC9 /* ActivityModel */ = {
			isa = PBXGroup;
			children = (
				C51993B11BB2B7C5004EACC9 /* ActivityModel.h */,
				C51993B21BB2B7C5004EACC9 /* ActivityModel.m */,
			);
			path = ActivityModel;
			sourceTree = "<group>";
		};
		C51993B41BB2BF00004EACC9 /* ActivityPhotosModel */ = {
			isa = PBXGroup;
			children = (
				C51993B51BB2BF19004EACC9 /* ActivityPhotosModel.h */,
				C51993B61BB2BF19004EACC9 /* ActivityPhotosModel.m */,
			);
			path = ActivityPhotosModel;
			sourceTree = "<group>";
		};
		C51993B81BB2C076004EACC9 /* Activity */ = {
			isa = PBXGroup;
			children = (
				C51993B91BB2C076004EACC9 /* ActivityCellImages */,
			);
			path = Activity;
			sourceTree = "<group>";
		};
		C51993B91BB2C076004EACC9 /* ActivityCellImages */ = {
			isa = PBXGroup;
			children = (
				C51993BE1BB2C436004EACC9 /* collect_red@2x.png */,
				C51993BF1BB2C436004EACC9 /* collecteAct@2x.png */,
				C51993C01BB2C436004EACC9 /* isFree@2x.png */,
				C51993C11BB2C436004EACC9 /* jionAct@2x.png */,
				C51993C21BB2C436004EACC9 /* share@2x.png */,
				C51993C31BB2C436004EACC9 /* shareAct@2x.png */,
			);
			path = ActivityCellImages;
			sourceTree = "<group>";
		};
		C56F5B3D1BB0F20A003D378C /* AFNetworking */ = {
			isa = PBXGroup;
			children = (
				C56F5B3E1BB0F20A003D378C /* AFNetworking */,
				C56F5B521BB0F20A003D378C /* LICENSE */,
				C56F5B531BB0F20A003D378C /* UIKit+AFNetworking */,
			);
			path = AFNetworking;
			sourceTree = "<group>";
		};
		C56F5B3E1BB0F20A003D378C /* AFNetworking */ = {
			isa = PBXGroup;
			children = (
				C56F5B3F1BB0F20A003D378C /* AFHTTPRequestOperation.h */,
				C56F5B401BB0F20A003D378C /* AFHTTPRequestOperation.m */,
				C56F5B411BB0F20A003D378C /* AFHTTPRequestOperationManager.h */,
				C56F5B421BB0F20A003D378C /* AFHTTPRequestOperationManager.m */,
				C56F5B431BB0F20A003D378C /* AFHTTPSessionManager.h */,
				C56F5B441BB0F20A003D378C /* AFHTTPSessionManager.m */,
				C56F5B451BB0F20A003D378C /* AFNetworking.h */,
				C56F5B461BB0F20A003D378C /* AFNetworkReachabilityManager.h */,
				C56F5B471BB0F20A003D378C /* AFNetworkReachabilityManager.m */,
				C56F5B481BB0F20A003D378C /* AFSecurityPolicy.h */,
				C56F5B491BB0F20A003D378C /* AFSecurityPolicy.m */,
				C56F5B4A1BB0F20A003D378C /* AFURLConnectionOperation.h */,
				C56F5B4B1BB0F20A003D378C /* AFURLConnectionOperation.m */,
				C56F5B4C1BB0F20A003D378C /* AFURLRequestSerialization.h */,
				C56F5B4D1BB0F20A003D378C /* AFURLRequestSerialization.m */,
				C56F5B4E1BB0F20A003D378C /* AFURLResponseSerialization.h */,
				C56F5B4F1BB0F20A003D378C /* AFURLResponseSerialization.m */,
				C56F5B501BB0F20A003D378C /* AFURLSessionManager.h */,
				C56F5B511BB0F20A003D378C /* AFURLSessionManager.m */,
			);
			path = AFNetworking;
			sourceTree = "<group>";
		};
		C56F5B531BB0F20A003D378C /* UIKit+AFNetworking */ = {
			isa = PBXGroup;
			children = (
				C56F5B541BB0F20A003D378C /* AFNetworkActivityIndicatorManager.h */,
				C56F5B551BB0F20A003D378C /* AFNetworkActivityIndicatorManager.m */,
				C56F5B561BB0F20A003D378C /* UIActivityIndicatorView+AFNetworking.h */,
				C56F5B571BB0F20A003D378C /* UIActivityIndicatorView+AFNetworking.m */,
				C56F5B581BB0F20A003D378C /* UIAlertView+AFNetworking.h */,
				C56F5B591BB0F20A003D378C /* UIAlertView+AFNetworking.m */,
				C56F5B5A1BB0F20A003D378C /* UIButton+AFNetworking.h */,
				C56F5B5B1BB0F20A003D378C /* UIButton+AFNetworking.m */,
				C56F5B5C1BB0F20A003D378C /* UIImageView+AFNetworking.h */,
				C56F5B5D1BB0F20A003D378C /* UIImageView+AFNetworking.m */,
				C56F5B5E1BB0F20A003D378C /* UIKit+AFNetworking.h */,
				C56F5B5F1BB0F20A003D378C /* UIProgressView+AFNetworking.h */,
				C56F5B601BB0F20A003D378C /* UIProgressView+AFNetworking.m */,
				C56F5B611BB0F20A003D378C /* UIRefreshControl+AFNetworking.h */,
				C56F5B621BB0F20A003D378C /* UIRefreshControl+AFNetworking.m */,
				C56F5B631BB0F20A003D378C /* UIWebView+AFNetworking.h */,
				C56F5B641BB0F20A003D378C /* UIWebView+AFNetworking.m */,
			);
			path = "UIKit+AFNetworking";
			sourceTree = "<group>";
		};
		C56F5B651BB0F20A003D378C /* SDWebImage */ = {
			isa = PBXGroup;
			children = (
				C56F5B661BB0F20A003D378C /* NSData+ImageContentType.h */,
				C56F5B671BB0F20A003D378C /* NSData+ImageContentType.m */,
				C56F5B681BB0F20A003D378C /* SDImageCache.h */,
				C56F5B691BB0F20A003D378C /* SDImageCache.m */,
				C56F5B6A1BB0F20A003D378C /* SDWebImageCompat.h */,
				C56F5B6B1BB0F20A003D378C /* SDWebImageCompat.m */,
				C56F5B6C1BB0F20A003D378C /* SDWebImageDecoder.h */,
				C56F5B6D1BB0F20A003D378C /* SDWebImageDecoder.m */,
				C56F5B6E1BB0F20A003D378C /* SDWebImageDownloader.h */,
				C56F5B6F1BB0F20A003D378C /* SDWebImageDownloader.m */,
				C56F5B701BB0F20A003D378C /* SDWebImageDownloaderOperation.h */,
				C56F5B711BB0F20A003D378C /* SDWebImageDownloaderOperation.m */,
				C56F5B721BB0F20A003D378C /* SDWebImageManager.h */,
				C56F5B731BB0F20A003D378C /* SDWebImageManager.m */,
				C56F5B741BB0F20A003D378C /* SDWebImageOperation.h */,
				C56F5B751BB0F20A003D378C /* SDWebImagePrefetcher.h */,
				C56F5B761BB0F20A003D378C /* SDWebImagePrefetcher.m */,
				C56F5B771BB0F20A003D378C /* UIButton+WebCache.h */,
				C56F5B781BB0F20A003D378C /* UIButton+WebCache.m */,
				C56F5B791BB0F20A003D378C /* UIImage+GIF.h */,
				C56F5B7A1BB0F20A003D378C /* UIImage+GIF.m */,
				C56F5B7B1BB0F20A003D378C /* UIImage+MultiFormat.h */,
				C56F5B7C1BB0F20A003D378C /* UIImage+MultiFormat.m */,
				C56F5B7D1BB0F20A003D378C /* UIImageView+HighlightedWebCache.h */,
				C56F5B7E1BB0F20A003D378C /* UIImageView+HighlightedWebCache.m */,
				C56F5B7F1BB0F20A003D378C /* UIImageView+WebCache.h */,
				C56F5B801BB0F20A003D378C /* UIImageView+WebCache.m */,
				C56F5B811BB0F20A003D378C /* UIView+WebCacheOperation.h */,
				C56F5B821BB0F20A003D378C /* UIView+WebCacheOperation.m */,
			);
			path = SDWebImage;
			sourceTree = "<group>";
		};
		C56F5BA31BB0F2A1003D378C /* NearbyModels */ = {
			isa = PBXGroup;
			children = (
				C56F5BAF1BB0F49D003D378C /* HobbyListModel */,
				C56F5BA41BB0F2A1003D378C /* UserModel */,
			);
			path = NearbyModels;
			sourceTree = "<group>";
		};
		C56F5BA41BB0F2A1003D378C /* UserModel */ = {
			isa = PBXGroup;
			children = (
				C56F5BAC1BB0F389003D378C /* UserModel.h */,
				C56F5BAD1BB0F389003D378C /* UserModel.m */,
			);
			path = UserModel;
			sourceTree = "<group>";
		};
		C56F5BA81BB0F31C003D378C /* BaseModel */ = {
			isa = PBXGroup;
			children = (
				C56F5BA91BB0F336003D378C /* BaseModel.h */,
				C56F5BAA1BB0F336003D378C /* BaseModel.m */,
			);
			path = BaseModel;
			sourceTree = "<group>";
		};
		C56F5BAF1BB0F49D003D378C /* HobbyListModel */ = {
			isa = PBXGroup;
			children = (
				C56F5BB01BB0F4BB003D378C /* HobbyListModel.h */,
				C56F5BB11BB0F4BB003D378C /* HobbyListModel.m */,
			);
			path = HobbyListModel;
			sourceTree = "<group>";
		};
		C56F5BB31BB0F60C003D378C /* NearbyViews */ = {
			isa = PBXGroup;
			children = (
				C56F5BB41BB0F60C003D378C /* UserListCell */,
			);
			path = NearbyViews;
			sourceTree = "<group>";
		};
		C56F5BB41BB0F60C003D378C /* UserListCell */ = {
			isa = PBXGroup;
			children = (
				C56F5BB51BB0F634003D378C /* UserListTableViewCell.h */,
				C56F5BB61BB0F634003D378C /* UserListTableViewCell.m */,
				C56F5BB71BB0F634003D378C /* UserListTableViewCell.xib */,
			);
			path = UserListCell;
			sourceTree = "<group>";
		};
		C56F5BC81BB16F2B003D378C /* MMProgressHUD */ = {
			isa = PBXGroup;
			children = (
				C56F5BC91BB16F2B003D378C /* MMHud.h */,
				C56F5BCA1BB16F2B003D378C /* MMHud.m */,
				C56F5BCB1BB16F2B003D378C /* MMLinearProgressView.h */,
				C56F5BCC1BB16F2B003D378C /* MMLinearProgressView.m */,
				C56F5BCD1BB16F2B003D378C /* MMProgressHUD+Animations.h */,
				C56F5BCE1BB16F2B003D378C /* MMProgressHUD+Animations.m */,
				C56F5BCF1BB16F2B003D378C /* MMProgressHUD+Class.m */,
				C56F5BD01BB16F2B003D378C /* MMProgressHUD.h */,
				C56F5BD11BB16F2B003D378C /* MMProgressHUD.m */,
				C56F5BD21BB16F2B003D378C /* MMProgressHUDCommon.h */,
				C56F5BD31BB16F2B003D378C /* MMProgressHUDOverlayView.h */,
				C56F5BD41BB16F2B003D378C /* MMProgressHUDOverlayView.m */,
				C56F5BD51BB16F2B003D378C /* MMProgressHUDViewController.h */,
				C56F5BD61BB16F2B003D378C /* MMProgressHUDViewController.m */,
				C56F5BD71BB16F2B003D378C /* MMProgressHUDWindow.h */,
				C56F5BD81BB16F2B003D378C /* MMProgressHUDWindow.m */,
				C56F5BD91BB16F2B003D378C /* MMProgressView-Protocol.h */,
				C56F5BDA1BB16F2B003D378C /* MMRadialProgressView.h */,
				C56F5BDB1BB16F2B003D378C /* MMRadialProgressView.m */,
				C56F5BDC1BB16F2B003D378C /* MMVectorImage.h */,
				C56F5BDD1BB16F2B003D378C /* MMVectorImage.m */,
			);
			path = MMProgressHUD;
			sourceTree = "<group>";
		};
		C56F5BE91BB16FEE003D378C /* JHRefresh */ = {
			isa = PBXGroup;
			children = (
				C56F5BEA1BB16FEE003D378C /* AnimationView */,
				C56F5BF11BB16FEE003D378C /* JHRefresh.bundle */,
				C56F5BF21BB16FEF003D378C /* JHRefresh.h */,
				C56F5BF31BB16FEF003D378C /* JHRefreshBaseView.h */,
				C56F5BF41BB16FEF003D378C /* JHRefreshBaseView.m */,
				C56F5BF51BB16FEF003D378C /* JHRefreshConfig.h */,
				C56F5BF61BB16FEF003D378C /* JHRefreshConfig.m */,
				C56F5BF71BB16FEF003D378C /* JHRefreshFooterView.h */,
				C56F5BF81BB16FEF003D378C /* JHRefreshFooterView.m */,
				C56F5BF91BB16FEF003D378C /* JHRefreshHeaderView.h */,
				C56F5BFA1BB16FEF003D378C /* JHRefreshHeaderView.m */,
				C56F5BFB1BB16FEF003D378C /* JHRefreshMacro.h */,
				C56F5BFC1BB16FEF003D378C /* JHRefreshViewDelegate.h */,
				C56F5BFD1BB16FEF003D378C /* UIScrollView+JHExtension.h */,
				C56F5BFE1BB16FEF003D378C /* UIScrollView+JHExtension.m */,
				C56F5BFF1BB16FEF003D378C /* UIScrollView+JHRefresh.h */,
				C56F5C001BB16FEF003D378C /* UIScrollView+JHRefresh.m */,
				C56F5C011BB16FEF003D378C /* UIView+JHExtension.h */,
				C56F5C021BB16FEF003D378C /* UIView+JHExtension.m */,
			);
			path = JHRefresh;
			sourceTree = "<group>";
		};
		C56F5BEA1BB16FEE003D378C /* AnimationView */ = {
			isa = PBXGroup;
			children = (
				C56F5BEB1BB16FEE003D378C /* JHRefreshAmazingAniView.h */,
				C56F5BEC1BB16FEE003D378C /* JHRefreshAmazingAniView.m */,
				C56F5BED1BB16FEE003D378C /* JHRefreshAniBaseView.h */,
				C56F5BEE1BB16FEE003D378C /* JHRefreshAniBaseView.m */,
				C56F5BEF1BB16FEE003D378C /* JHRefreshCommonAniView.h */,
				C56F5BF01BB16FEE003D378C /* JHRefreshCommonAniView.m */,
			);
			path = AnimationView;
			sourceTree = "<group>";
		};
		C5971F941BABF7EC00707F54 = {
			isa = PBXGroup;
			children = (
				C5971F9F1BABF7EC00707F54 /* Party */,
				C5971FB31BABF7EC00707F54 /* PartyTests */,
				C5971F9E1BABF7EC00707F54 /* Products */,
			);
			sourceTree = "<group>";
		};
		C5971F9E1BABF7EC00707F54 /* Products */ = {
			isa = PBXGroup;
			children = (
				C5971F9D1BABF7EC00707F54 /* Party.app */,
				C5971FB01BABF7EC00707F54 /* PartyTests.xctest */,
			);
			name = Products;
			sourceTree = "<group>";
		};
		C5971F9F1BABF7EC00707F54 /* Party */ = {
			isa = PBXGroup;
			children = (
				C5971FC21BABF8F000707F54 /* Utility */,
				C5971FC11BABF8F000707F54 /* Models */,
				C5971FC61BABF8F000707F54 /* Views */,
				C5971FC01BABF8F000707F54 /* Controllers */,
				C5971FA41BABF7EC00707F54 /* AppDelegate.h */,
				C5971FA51BABF7EC00707F54 /* AppDelegate.m */,
				C5971FA71BABF7EC00707F54 /* Images.xcassets */,
				C5971FA91BABF7EC00707F54 /* LaunchScreen.xib */,
				C5971FA01BABF7EC00707F54 /* Supporting Files */,
			);
			path = Party;
			sourceTree = "<group>";
		};
		C5971FA01BABF7EC00707F54 /* Supporting Files */ = {
			isa = PBXGroup;
			children = (
				C5971FA11BABF7EC00707F54 /* Info.plist */,
				C5971FA21BABF7EC00707F54 /* main.m */,
				C5971FD81BAC096500707F54 /* Party-Prefix.pch */,
			);
			name = "Supporting Files";
			sourceTree = "<group>";
		};
		C5971FB31BABF7EC00707F54 /* PartyTests */ = {
			isa = PBXGroup;
			children = (
				C5971FB61BABF7EC00707F54 /* PartyTests.m */,
				C5971FB41BABF7EC00707F54 /* Supporting Files */,
			);
			path = PartyTests;
			sourceTree = "<group>";
		};
		C5971FB41BABF7EC00707F54 /* Supporting Files */ = {
			isa = PBXGroup;
			children = (
				C5971FB51BABF7EC00707F54 /* Info.plist */,
			);
			name = "Supporting Files";
			sourceTree = "<group>";
		};
		C5971FC01BABF8F000707F54 /* Controllers */ = {
			isa = PBXGroup;
			children = (
				C5971FEA1BAC2A1300707F54 /* TabBarController */,
				C5971FD41BABFCF600707F54 /* BaseViewController */,
				C5971FD01BABFC1500707F54 /* 附近 */,
				C5971FD11BABFC1500707F54 /* 活动 */,
				C5971FCF1BABFC1500707F54 /* 发布活动 */,
				C5971FD31BABFC1500707F54 /* 消息 */,
				C5971FD21BABFC1500707F54 /* 我的 */,
			);
			path = Controllers;
			sourceTree = "<group>";
		};
		C5971FC11BABF8F000707F54 /* Models */ = {
			isa = PBXGroup;
			children = (
				C51993AF1BB2B7A1004EACC9 /* ActivityModels */,
				C56F5BA81BB0F31C003D378C /* BaseModel */,
				C56F5BA31BB0F2A1003D378C /* NearbyModels */,
			);
			path = Models;
			sourceTree = "<group>";
		};
		C5971FC21BABF8F000707F54 /* Utility */ = {
			isa = PBXGroup;
			children = (
				C5971FE61BAC289B00707F54 /* Define */,
				C5971FE71BAC289B00707F54 /* NetInterface */,
				C5971FC31BABF8F000707F54 /* Resource */,
				C5971FC41BABF8F000707F54 /* ThirdLibs */,
				C5971FC51BABF8F000707F54 /* Tool */,
			);
			path = Utility;
			sourceTree = "<group>";
		};
		C5971FC31BABF8F000707F54 /* Resource */ = {
			isa = PBXGroup;
			children = (
				C5F0367C1BACE8A7008E8F11 /* images */,
			);
			path = Resource;
			sourceTree = "<group>";
		};
		C5971FC41BABF8F000707F54 /* ThirdLibs */ = {
			isa = PBXGroup;
			children = (
				C56F5BE91BB16FEE003D378C /* JHRefresh */,
				C56F5BC81BB16F2B003D378C /* MMProgressHUD */,
				C56F5B3D1BB0F20A003D378C /* AFNetworking */,
				C56F5B651BB0F20A003D378C /* SDWebImage */,
				C5F036AC1BAD281A008E8F11 /* GZLTabBar */,
			);
			path = ThirdLibs;
			sourceTree = "<group>";
		};
		C5971FC51BABF8F000707F54 /* Tool */ = {
			isa = PBXGroup;
			children = (
				C5971FE21BAC0BB400707F54 /* nsstring-hashing */,
				C5971FDE1BAC0B3C00707F54 /* GZLHelper */,
				C5971FCA1BABFAB800707F54 /* MyControl */,
			);
			path = Tool;
			sourceTree = "<group>";
		};
		C5971FC61BABF8F000707F54 /* Views */ = {
			isa = PBXGroup;
			children = (
				C51993A81BB2AA1D004EACC9 /* ActivityViews */,
				C56F5BB31BB0F60C003D378C /* NearbyViews */,
			);
			path = Views;
			sourceTree = "<group>";
		};
		C5971FCA1BABFAB800707F54 /* MyControl */ = {
			isa = PBXGroup;
			children = (
				C5971FCB1BABFAB800707F54 /* MyControl.h */,
				C5971FCC1BABFAB800707F54 /* MyControl.m */,
			);
			path = MyControl;
			sourceTree = "<group>";
		};
		C5971FCF1BABFC1500707F54 /* 发布活动 */ = {
			isa = PBXGroup;
			children = (
				C5971FF41BAC2B7300707F54 /* LaunchActivityViewController.h */,
				C5971FF51BAC2B7300707F54 /* LaunchActivityViewController.m */,
			);
			path = "发布活动";
			sourceTree = "<group>";
		};
		C5971FD01BABFC1500707F54 /* 附近 */ = {
			isa = PBXGroup;
			children = (
				C5971FEE1BAC2AE900707F54 /* NearbyViewController.h */,
				C5971FEF1BAC2AE900707F54 /* NearbyViewController.m */,
			);
			path = "附近";
			sourceTree = "<group>";
		};
		C5971FD11BABFC1500707F54 /* 活动 */ = {
			isa = PBXGroup;
			children = (
				C5971FF11BAC2B1800707F54 /* ActivityViewController.h */,
				C5971FF21BAC2B1800707F54 /* ActivityViewController.m */,
			);
			path = "活动";
			sourceTree = "<group>";
		};
		C5971FD21BABFC1500707F54 /* 我的 */ = {
			isa = PBXGroup;
			children = (
				C5971FFA1BAC2BE800707F54 /* MineViewController.h */,
				C5971FFB1BAC2BE800707F54 /* MineViewController.m */,
			);
			path = "我的";
			sourceTree = "<group>";
		};
		C5971FD31BABFC1500707F54 /* 消息 */ = {
			isa = PBXGroup;
			children = (
				C5971FF71BAC2BA700707F54 /* MessageViewController.h */,
				C5971FF81BAC2BA700707F54 /* MessageViewController.m */,
			);
			path = "消息";
			sourceTree = "<group>";
		};
		C5971FD41BABFCF600707F54 /* BaseViewController */ = {
			isa = PBXGroup;
			children = (
				C5971FD51BABFF7A00707F54 /* BaseViewController.h */,
				C5971FD61BABFF7A00707F54 /* BaseViewController.m */,
			);
			path = BaseViewController;
			sourceTree = "<group>";
		};
		C5971FDE1BAC0B3C00707F54 /* GZLHelper */ = {
			isa = PBXGroup;
			children = (
				C5971FDF1BAC0B6800707F54 /* GZLHelper.h */,
				C5971FE01BAC0B6800707F54 /* GZLHelper.m */,
			);
			path = GZLHelper;
			sourceTree = "<group>";
		};
		C5971FE21BAC0BB400707F54 /* nsstring-hashing */ = {
			isa = PBXGroup;
			children = (
				C5971FE31BAC0BB400707F54 /* NSString+Hashing.h */,
				C5971FE41BAC0BB400707F54 /* NSString+Hashing.m */,
			);
			path = "nsstring-hashing";
			sourceTree = "<group>";
		};
		C5971FE61BAC289B00707F54 /* Define */ = {
			isa = PBXGroup;
			children = (
				C5971FE81BAC290400707F54 /* Define.h */,
			);
			path = Define;
			sourceTree = "<group>";
		};
		C5971FE71BAC289B00707F54 /* NetInterface */ = {
			isa = PBXGroup;
			children = (
				C5971FE91BAC293100707F54 /* NetInterface.h */,
			);
			path = NetInterface;
			sourceTree = "<group>";
		};
		C5971FEA1BAC2A1300707F54 /* TabBarController */ = {
			isa = PBXGroup;
			children = (
				C5971FEB1BAC2A3900707F54 /* PartyTabBarViewController.h */,
				C5971FEC1BAC2A3900707F54 /* PartyTabBarViewController.m */,
				C5F3D2F21BB00BE3005DCD6C /* MyTabBarViewController.h */,
				C5F3D2F31BB00BE3005DCD6C /* MyTabBarViewController.m */,
			);
			path = TabBarController;
			sourceTree = "<group>";
		};
		C5F0367C1BACE8A7008E8F11 /* images */ = {
			isa = PBXGroup;
			children = (
				C51993B81BB2C076004EACC9 /* Activity */,
				C5102A621BB24C350034D291 /* Nearby */,
				C5F0367D1BACE8A7008E8F11 /* TabBar */,
			);
			path = images;
			sourceTree = "<group>";
		};
		C5F0367D1BACE8A7008E8F11 /* TabBar */ = {
			isa = PBXGroup;
			children = (
				C5F3D2F51BB02858005DCD6C /* icon-top@2x.png */,
				C5F3D2441BAFAB70005DCD6C /* icon-topSel@2x.png */,
				C5C4B5ED1BAE554100167137 /* TabBar1@2x.png */,
				C5C4B5EE1BAE554100167137 /* TabBar1Sel@2x.png */,
				C5C4B5EF1BAE554100167137 /* TabBar2@2x.png */,
				C5C4B5F01BAE554100167137 /* TabBar2Sel@2x.png */,
				C5C4B5F11BAE554100167137 /* TabBar4@2x.png */,
				C5C4B5F21BAE554100167137 /* TabBar4Sel@2x.png */,
				C5C4B5F31BAE554100167137 /* TabBar5@2x.png */,
				C5C4B5F41BAE554100167137 /* TabBar5Sel@2x.png */,
			);
			path = TabBar;
			sourceTree = "<group>";
		};
		C5F036AC1BAD281A008E8F11 /* GZLTabBar */ = {
			isa = PBXGroup;
			children = (
				C5F036AD1BAD2865008E8F11 /* GZLTabBarView.h */,
				C5F036AE1BAD2865008E8F11 /* GZLTabBarView.m */,
				C5F036B01BAD28B8008E8F11 /* GZLTabBarButton.h */,
				C5F036B11BAD28B8008E8F11 /* GZLTabBarButton.m */,
				C5F036B31BAD335F008E8F11 /* GZLTabBarViewController.h */,
				C5F036B41BAD335F008E8F11 /* GZLTabBarViewController.m */,
			);
			path = GZLTabBar;
			sourceTree = "<group>";
		};
/* End PBXGroup section */

/* Begin PBXNativeTarget section */
		C5971F9C1BABF7EC00707F54 /* Party */ = {
			isa = PBXNativeTarget;
			buildConfigurationList = C5971FBA1BABF7EC00707F54 /* Build configuration list for PBXNativeTarget "Party" */;
			buildPhases = (
				C5971F991BABF7EC00707F54 /* Sources */,
				C5971F9A1BABF7EC00707F54 /* Frameworks */,
				C5971F9B1BABF7EC00707F54 /* Resources */,
			);
			buildRules = (
			);
			dependencies = (
			);
			name = Party;
			productName = Party;
			productReference = C5971F9D1BABF7EC00707F54 /* Party.app */;
			productType = "com.apple.product-type.application";
		};
		C5971FAF1BABF7EC00707F54 /* PartyTests */ = {
			isa = PBXNativeTarget;
			buildConfigurationList = C5971FBD1BABF7EC00707F54 /* Build configuration list for PBXNativeTarget "PartyTests" */;
			buildPhases = (
				C5971FAC1BABF7EC00707F54 /* Sources */,
				C5971FAD1BABF7EC00707F54 /* Frameworks */,
				C5971FAE1BABF7EC00707F54 /* Resources */,
			);
			buildRules = (
			);
			dependencies = (
				C5971FB21BABF7EC00707F54 /* PBXTargetDependency */,
			);
			name = PartyTests;
			productName = PartyTests;
			productReference = C5971FB01BABF7EC00707F54 /* PartyTests.xctest */;
			productType = "com.apple.product-type.bundle.unit-test";
		};
/* End PBXNativeTarget section */

/* Begin PBXProject section */
		C5971F951BABF7EC00707F54 /* Project object */ = {
			isa = PBXProject;
			attributes = {
				LastUpgradeCheck = 0640;
				ORGANIZATIONNAME = "高正磊";
				TargetAttributes = {
					C5971F9C1BABF7EC00707F54 = {
						CreatedOnToolsVersion = 6.4;
					};
					C5971FAF1BABF7EC00707F54 = {
						CreatedOnToolsVersion = 6.4;
						TestTargetID = C5971F9C1BABF7EC00707F54;
					};
				};
			};
			buildConfigurationList = C5971F981BABF7EC00707F54 /* Build configuration list for PBXProject "Party" */;
			compatibilityVersion = "Xcode 3.2";
			developmentRegion = English;
			hasScannedForEncodings = 0;
			knownRegions = (
				en,
				Base,
			);
			mainGroup = C5971F941BABF7EC00707F54;
			productRefGroup = C5971F9E1BABF7EC00707F54 /* Products */;
			projectDirPath = "";
			projectRoot = "";
			targets = (
				C5971F9C1BABF7EC00707F54 /* Party */,
				C5971FAF1BABF7EC00707F54 /* PartyTests */,
			);
		};
/* End PBXProject section */

/* Begin PBXResourcesBuildPhase section */
		C5971F9B1BABF7EC00707F54 /* Resources */ = {
			isa = PBXResourcesBuildPhase;
			buildActionMask = 2147483647;
			files = (
				C5F3D2451BAFAB70005DCD6C /* icon-topSel@2x.png in Resources */,
				C5F3D2F61BB02858005DCD6C /* icon-top@2x.png in Resources */,
				C51993C51BB2C436004EACC9 /* collecteAct@2x.png in Resources */,
				C51993C91BB2C436004EACC9 /* shareAct@2x.png in Resources */,
				C51993C71BB2C436004EACC9 /* jionAct@2x.png in Resources */,
				C5102A711BB24C350034D291 /* girl@2x.png in Resources */,
				C51993BC1BB2C418004EACC9 /* shaixuan_act@2x.png in Resources */,
				C56F5B8C1BB0F20A003D378C /* LICENSE in Resources */,
				C5C4B5FA1BAE554100167137 /* TabBar4Sel@2x.png in Resources */,
				C5C4B5F81BAE554100167137 /* TabBar2Sel@2x.png in Resources */,
				C5102A701BB24C350034D291 /* boy@2x.png in Resources */,
				C56F5C061BB16FEF003D378C /* JHRefresh.bundle in Resources */,
				C5C4B5F51BAE554100167137 /* TabBar1@2x.png in Resources */,
				C5102A731BB24C720034D291 /* userImage@2x.png in Resources */,
				C5971FAB1BABF7EC00707F54 /* LaunchScreen.xib in Resources */,
				C5C4B5F91BAE554100167137 /* TabBar4@2x.png in Resources */,
				C51993BD1BB2C418004EACC9 /* shaixuan@2x.png in Resources */,
				C51993AE1BB2AC92004EACC9 /* ActivityListTableViewCell.xib in Resources */,
				C56F5BB91BB0F634003D378C /* UserListTableViewCell.xib in Resources */,
				C5C4B5FC1BAE554100167137 /* TabBar5Sel@2x.png in Resources */,
				C51993C81BB2C436004EACC9 /* share@2x.png in Resources */,
				C5C4B5FB1BAE554100167137 /* TabBar5@2x.png in Resources */,
				C51993C61BB2C436004EACC9 /* isFree@2x.png in Resources */,
				C5102A6D1BB24C350034D291 /* juli@2x.png in Resources */,
				C5971FA81BABF7EC00707F54 /* Images.xcassets in Resources */,
				C51993C41BB2C436004EACC9 /* collect_red@2x.png in Resources */,
				C5102A6F1BB24C350034D291 /* nav_top_search@2x.png in Resources */,
				C5C4B5F61BAE554100167137 /* TabBar1Sel@2x.png in Resources */,
				C5102A6E1BB24C350034D291 /* juxie@2x.png in Resources */,
				C5C4B5F71BAE554100167137 /* TabBar2@2x.png in Resources */,
			);
			runOnlyForDeploymentPostprocessing = 0;
		};
		C5971FAE1BABF7EC00707F54 /* Resources */ = {
			isa = PBXResourcesBuildPhase;
			buildActionMask = 2147483647;
			files = (
			);
			runOnlyForDeploymentPostprocessing = 0;
		};
/* End PBXResourcesBuildPhase section */

/* Begin PBXSourcesBuildPhase section */
		C5971F991BABF7EC00707F54 /* Sources */ = {
			isa = PBXSourcesBuildPhase;
			buildActionMask = 2147483647;
			files = (
				C56F5BE31BB16F2B003D378C /* MMProgressHUDOverlayView.m in Sources */,
				C56F5B8B1BB0F20A003D378C /* AFURLSessionManager.m in Sources */,
				C56F5B911BB0F20A003D378C /* UIImageView+AFNetworking.m in Sources */,
				C56F5BA21BB0F20A003D378C /* UIView+WebCacheOperation.m in Sources */,
				C56F5B931BB0F20A003D378C /* UIRefreshControl+AFNetworking.m in Sources */,
				C56F5B881BB0F20A003D378C /* AFURLConnectionOperation.m in Sources */,
				C5971FED1BAC2A3900707F54 /* PartyTabBarViewController.m in Sources */,
				C56F5B941BB0F20A003D378C /* UIWebView+AFNetworking.m in Sources */,
				C56F5B851BB0F20A003D378C /* AFHTTPSessionManager.m in Sources */,
				C56F5B9D1BB0F20A003D378C /* UIButton+WebCache.m in Sources */,
				C56F5B861BB0F20A003D378C /* AFNetworkReachabilityManager.m in Sources */,
				C56F5BE21BB16F2B003D378C /* MMProgressHUD.m in Sources */,
				C5971FF91BAC2BA700707F54 /* MessageViewController.m in Sources */,
				C56F5C081BB16FEF003D378C /* JHRefreshConfig.m in Sources */,
				C5F036B51BAD335F008E8F11 /* GZLTabBarViewController.m in Sources */,
				C56F5B9E1BB0F20A003D378C /* UIImage+GIF.m in Sources */,
				C56F5B9C1BB0F20A003D378C /* SDWebImagePrefetcher.m in Sources */,
				C56F5BE71BB16F2B003D378C /* MMVectorImage.m in Sources */,
				C51993AD1BB2AC92004EACC9 /* ActivityListTableViewCell.m in Sources */,
				C5971FF01BAC2AE900707F54 /* NearbyViewController.m in Sources */,
				C5F3D2F41BB00BE3005DCD6C /* MyTabBarViewController.m in Sources */,
				C56F5C031BB16FEF003D378C /* JHRefreshAmazingAniView.m in Sources */,
				C56F5B871BB0F20A003D378C /* AFSecurityPolicy.m in Sources */,
				C56F5BE01BB16F2B003D378C /* MMProgressHUD+Animations.m in Sources */,
				C56F5B971BB0F20A003D378C /* SDWebImageCompat.m in Sources */,
				C56F5C041BB16FEF003D378C /* JHRefreshAniBaseView.m in Sources */,
				C56F5BAB1BB0F336003D378C /* BaseModel.m in Sources */,
				C56F5BE51BB16F2B003D378C /* MMProgressHUDWindow.m in Sources */,
				C56F5B991BB0F20A003D378C /* SDWebImageDownloader.m in Sources */,
				C56F5BA01BB0F20A003D378C /* UIImageView+HighlightedWebCache.m in Sources */,
				C56F5C0A1BB16FEF003D378C /* JHRefreshHeaderView.m in Sources */,
				C56F5B9A1BB0F20A003D378C /* SDWebImageDownloaderOperation.m in Sources */,
				C56F5B981BB0F20A003D378C /* SDWebImageDecoder.m in Sources */,
				C56F5B9B1BB0F20A003D378C /* SDWebImageManager.m in Sources */,
				C56F5C0B1BB16FEF003D378C /* UIScrollView+JHExtension.m in Sources */,
				C56F5BE61BB16F2B003D378C /* MMRadialProgressView.m in Sources */,
				C56F5B921BB0F20A003D378C /* UIProgressView+AFNetworking.m in Sources */,
				C5971FFC1BAC2BE800707F54 /* MineViewController.m in Sources */,
				C56F5B901BB0F20A003D378C /* UIButton+AFNetworking.m in Sources */,
				C5971FE51BAC0BB400707F54 /* NSString+Hashing.m in Sources */,
				C56F5BE41BB16F2B003D378C /* MMProgressHUDViewController.m in Sources */,
				C5971FD71BABFF7A00707F54 /* BaseViewController.m in Sources */,
				C56F5B841BB0F20A003D378C /* AFHTTPRequestOperationManager.m in Sources */,
				C56F5BAE1BB0F389003D378C /* UserModel.m in Sources */,
				C5971FF61BAC2B7300707F54 /* LaunchActivityViewController.m in Sources */,
				C56F5C0D1BB16FEF003D378C /* UIView+JHExtension.m in Sources */,
				C5971FCE1BABFAB800707F54 /* MyControl.m in Sources */,
				C56F5BDE1BB16F2B003D378C /* MMHud.m in Sources */,
				C56F5B8F1BB0F20A003D378C /* UIAlertView+AFNetworking.m in Sources */,
				C5971FA61BABF7EC00707F54 /* AppDelegate.m in Sources */,
				C5971FE11BAC0B6800707F54 /* GZLHelper.m in Sources */,
				C56F5B9F1BB0F20A003D378C /* UIImage+MultiFormat.m in Sources */,
				C5971FF31BAC2B1800707F54 /* ActivityViewController.m in Sources */,
				C51993B71BB2BF19004EACC9 /* ActivityPhotosModel.m in Sources */,
				C56F5C051BB16FEF003D378C /* JHRefreshCommonAniView.m in Sources */,
				C5F036B21BAD28B8008E8F11 /* GZLTabBarButton.m in Sources */,
				C51993B31BB2B7C5004EACC9 /* ActivityModel.m in Sources */,
				C56F5C071BB16FEF003D378C /* JHRefreshBaseView.m in Sources */,
				C56F5B951BB0F20A003D378C /* NSData+ImageContentType.m in Sources */,
				C56F5C0C1BB16FEF003D378C /* UIScrollView+JHRefresh.m in Sources */,
				C56F5BB21BB0F4BB003D378C /* HobbyListModel.m in Sources */,
				C5F036AF1BAD2865008E8F11 /* GZLTabBarView.m in Sources */,
				C56F5BDF1BB16F2B003D378C /* MMLinearProgressView.m in Sources */,
				C56F5BE11BB16F2B003D378C /* MMProgressHUD+Class.m in Sources */,
				C56F5B891BB0F20A003D378C /* AFURLRequestSerialization.m in Sources */,
				C56F5B8D1BB0F20A003D378C /* AFNetworkActivityIndicatorManager.m in Sources */,
				C56F5B831BB0F20A003D378C /* AFHTTPRequestOperation.m in Sources */,
				C56F5B8E1BB0F20A003D378C /* UIActivityIndicatorView+AFNetworking.m in Sources */,
				C56F5B8A1BB0F20A003D378C /* AFURLResponseSerialization.m in Sources */,
				C5971FA31BABF7EC00707F54 /* main.m in Sources */,
				C56F5BA11BB0F20A003D378C /* UIImageView+WebCache.m in Sources */,
				C56F5BB81BB0F634003D378C /* UserListTableViewCell.m in Sources */,
				C56F5C091BB16FEF003D378C /* JHRefreshFooterView.m in Sources */,
				C56F5B961BB0F20A003D378C /* SDImageCache.m in Sources */,
			);
			runOnlyForDeploymentPostprocessing = 0;
		};
		C5971FAC1BABF7EC00707F54 /* Sources */ = {
			isa = PBXSourcesBuildPhase;
			buildActionMask = 2147483647;
			files = (
				C5971FB71BABF7EC00707F54 /* PartyTests.m in Sources */,
			);
			runOnlyForDeploymentPostprocessing = 0;
		};
/* End PBXSourcesBuildPhase section */

/* Begin PBXTargetDependency section */
		C5971FB21BABF7EC00707F54 /* PBXTargetDependency */ = {
			isa = PBXTargetDependency;
			target = C5971F9C1BABF7EC00707F54 /* Party */;
			targetProxy = C5971FB11BABF7EC00707F54 /* PBXContainerItemProxy */;
		};
/* End PBXTargetDependency section */

/* Begin PBXVariantGroup section */
		C5971FA91BABF7EC00707F54 /* LaunchScreen.xib */ = {
			isa = PBXVariantGroup;
			children = (
				C5971FAA1BABF7EC00707F54 /* Base */,
			);
			name = LaunchScreen.xib;
			sourceTree = "<group>";
		};
/* End PBXVariantGroup section */

/* Begin XCBuildConfiguration section */
		C5971FB81BABF7EC00707F54 /* Debug */ = {
			isa = XCBuildConfiguration;
			buildSettings = {
				ALWAYS_SEARCH_USER_PATHS = NO;
				CLANG_CXX_LANGUAGE_STANDARD = "gnu++0x";
				CLANG_CXX_LIBRARY = "libc++";
				CLANG_ENABLE_MODULES = YES;
				CLANG_ENABLE_OBJC_ARC = YES;
				CLANG_WARN_BOOL_CONVERSION = YES;
				CLANG_WARN_CONSTANT_CONVERSION = YES;
				CLANG_WARN_DIRECT_OBJC_ISA_USAGE = YES_ERROR;
				CLANG_WARN_EMPTY_BODY = YES;
				CLANG_WARN_ENUM_CONVERSION = YES;
				CLANG_WARN_INT_CONVERSION = YES;
				CLANG_WARN_OBJC_ROOT_CLASS = YES_ERROR;
				CLANG_WARN_UNREACHABLE_CODE = YES;
				CLANG_WARN__DUPLICATE_METHOD_MATCH = YES;
				"CODE_SIGN_IDENTITY[sdk=iphoneos*]" = "iPhone Developer";
				COPY_PHASE_STRIP = NO;
				DEBUG_INFORMATION_FORMAT = "dwarf-with-dsym";
				ENABLE_STRICT_OBJC_MSGSEND = YES;
				GCC_C_LANGUAGE_STANDARD = gnu99;
				GCC_DYNAMIC_NO_PIC = NO;
				GCC_NO_COMMON_BLOCKS = YES;
				GCC_OPTIMIZATION_LEVEL = 0;
				GCC_PREPROCESSOR_DEFINITIONS = (
					"DEBUG=1",
					"$(inherited)",
				);
				GCC_SYMBOLS_PRIVATE_EXTERN = NO;
				GCC_WARN_64_TO_32_BIT_CONVERSION = YES;
				GCC_WARN_ABOUT_RETURN_TYPE = YES_ERROR;
				GCC_WARN_UNDECLARED_SELECTOR = YES;
				GCC_WARN_UNINITIALIZED_AUTOS = YES_AGGRESSIVE;
				GCC_WARN_UNUSED_FUNCTION = YES;
				GCC_WARN_UNUSED_VARIABLE = YES;
				IPHONEOS_DEPLOYMENT_TARGET = 8.4;
				MTL_ENABLE_DEBUG_INFO = YES;
				ONLY_ACTIVE_ARCH = YES;
				SDKROOT = iphoneos;
				TARGETED_DEVICE_FAMILY = "1,2";
			};
			name = Debug;
		};
		C5971FB91BABF7EC00707F54 /* Release */ = {
			isa = XCBuildConfiguration;
			buildSettings = {
				ALWAYS_SEARCH_USER_PATHS = NO;
				CLANG_CXX_LANGUAGE_STANDARD = "gnu++0x";
				CLANG_CXX_LIBRARY = "libc++";
				CLANG_ENABLE_MODULES = YES;
				CLANG_ENABLE_OBJC_ARC = YES;
				CLANG_WARN_BOOL_CONVERSION = YES;
				CLANG_WARN_CONSTANT_CONVERSION = YES;
				CLANG_WARN_DIRECT_OBJC_ISA_USAGE = YES_ERROR;
				CLANG_WARN_EMPTY_BODY = YES;
				CLANG_WARN_ENUM_CONVERSION = YES;
				CLANG_WARN_INT_CONVERSION = YES;
				CLANG_WARN_OBJC_ROOT_CLASS = YES_ERROR;
				CLANG_WARN_UNREACHABLE_CODE = YES;
				CLANG_WARN__DUPLICATE_METHOD_MATCH = YES;
				"CODE_SIGN_IDENTITY[sdk=iphoneos*]" = "iPhone Developer";
				COPY_PHASE_STRIP = NO;
				DEBUG_INFORMATION_FORMAT = "dwarf-with-dsym";
				ENABLE_NS_ASSERTIONS = NO;
				ENABLE_STRICT_OBJC_MSGSEND = YES;
				GCC_C_LANGUAGE_STANDARD = gnu99;
				GCC_NO_COMMON_BLOCKS = YES;
				GCC_WARN_64_TO_32_BIT_CONVERSION = YES;
				GCC_WARN_ABOUT_RETURN_TYPE = YES_ERROR;
				GCC_WARN_UNDECLARED_SELECTOR = YES;
				GCC_WARN_UNINITIALIZED_AUTOS = YES_AGGRESSIVE;
				GCC_WARN_UNUSED_FUNCTION = YES;
				GCC_WARN_UNUSED_VARIABLE = YES;
				IPHONEOS_DEPLOYMENT_TARGET = 8.4;
				MTL_ENABLE_DEBUG_INFO = NO;
				SDKROOT = iphoneos;
				TARGETED_DEVICE_FAMILY = "1,2";
				VALIDATE_PRODUCT = YES;
			};
			name = Release;
		};
		C5971FBB1BABF7EC00707F54 /* Debug */ = {
			isa = XCBuildConfiguration;
			buildSettings = {
				ASSETCATALOG_COMPILER_APPICON_NAME = AppIcon;
				CODE_SIGN_IDENTITY = "";
				GCC_PREFIX_HEADER = "$(SRCROOT)/Party/Party-Prefix.pch";
				INFOPLIST_FILE = Party/Info.plist;
				LD_RUNPATH_SEARCH_PATHS = "$(inherited) @executable_path/Frameworks";
				PRODUCT_NAME = "$(TARGET_NAME)";
				PROVISIONING_PROFILE = "00530af2-ee60-41bc-8cca-af28e22c2d73";
			};
			name = Debug;
		};
		C5971FBC1BABF7EC00707F54 /* Release */ = {
			isa = XCBuildConfiguration;
			buildSettings = {
				ASSETCATALOG_COMPILER_APPICON_NAME = AppIcon;
				"CODE_SIGN_IDENTITY[sdk=iphoneos*]" = "";
				GCC_PREFIX_HEADER = "$(SRCROOT)/Party/Party-Prefix.pch";
				INFOPLIST_FILE = Party/Info.plist;
				LD_RUNPATH_SEARCH_PATHS = "$(inherited) @executable_path/Frameworks";
				PRODUCT_NAME = "$(TARGET_NAME)";
				PROVISIONING_PROFILE = "00530af2-ee60-41bc-8cca-af28e22c2d73";
			};
			name = Release;
		};
		C5971FBE1BABF7EC00707F54 /* Debug */ = {
			isa = XCBuildConfiguration;
			buildSettings = {
				BUNDLE_LOADER = "$(TEST_HOST)";
				FRAMEWORK_SEARCH_PATHS = (
					"$(SDKROOT)/Developer/Library/Frameworks",
					"$(inherited)",
				);
				GCC_PREPROCESSOR_DEFINITIONS = (
					"DEBUG=1",
					"$(inherited)",
				);
				INFOPLIST_FILE = PartyTests/Info.plist;
				LD_RUNPATH_SEARCH_PATHS = "$(inherited) @executable_path/Frameworks @loader_path/Frameworks";
				PRODUCT_NAME = "$(TARGET_NAME)";
				TEST_HOST = "$(BUILT_PRODUCTS_DIR)/Party.app/Party";
			};
			name = Debug;
		};
		C5971FBF1BABF7EC00707F54 /* Release */ = {
			isa = XCBuildConfiguration;
			buildSettings = {
				BUNDLE_LOADER = "$(TEST_HOST)";
				FRAMEWORK_SEARCH_PATHS = (
					"$(SDKROOT)/Developer/Library/Frameworks",
					"$(inherited)",
				);
				INFOPLIST_FILE = PartyTests/Info.plist;
				LD_RUNPATH_SEARCH_PATHS = "$(inherited) @executable_path/Frameworks @loader_path/Frameworks";
				PRODUCT_NAME = "$(TARGET_NAME)";
				TEST_HOST = "$(BUILT_PRODUCTS_DIR)/Party.app/Party";
			};
			name = Release;
		};
/* End XCBuildConfiguration section */

/* Begin XCConfigurationList section */
		C5971F981BABF7EC00707F54 /* Build configuration list for PBXProject "Party" */ = {
			isa = XCConfigurationList;
			buildConfigurations = (
				C5971FB81BABF7EC00707F54 /* Debug */,
				C5971FB91BABF7EC00707F54 /* Release */,
			);
			defaultConfigurationIsVisible = 0;
			defaultConfigurationName = Release;
		};
		C5971FBA1BABF7EC00707F54 /* Build configuration list for PBXNativeTarget "Party" */ = {
			isa = XCConfigurationList;
			buildConfigurations = (
				C5971FBB1BABF7EC00707F54 /* Debug */,
				C5971FBC1BABF7EC00707F54 /* Release */,
			);
			defaultConfigurationIsVisible = 0;
			defaultConfigurationName = Release;
		};
		C5971FBD1BABF7EC00707F54 /* Build configuration list for PBXNativeTarget "PartyTests" */ = {
			isa = XCConfigurationList;
			buildConfigurations = (
				C5971FBE1BABF7EC00707F54 /* Debug */,
				C5971FBF1BABF7EC00707F54 /* Release */,
			);
			defaultConfigurationIsVisible = 0;
			defaultConfigurationName = Release;
		};
/* End XCConfigurationList section */
	};
	rootObject = C5971F951BABF7EC00707F54 /* Project object */;
}
